{
  "critical_areas": {
    "ai_ml_governance": {
      "compliance_frameworks": [
        "EU_AI_Act",
        "NIST_AI_RMF",
        "IEEE_Ethical_AI"
      ],
      "configurations": {
        "automated_bias_detection": true,
        "continuous_monitoring": true,
        "ethical_review_required": true,
        "model_explainability": true
      },
      "dependencies": [
        "ml_model_validation.v2.1.0",
        "bias_detection.v1.3.2",
        "explainability_framework.v3.0.1",
        "ethical_ai_policies.v2.2.0"
      ],
      "version": "1.0.0"
    },
    "data_pipeline_health": {
      "configurations": {
        "anomaly_alerting": true,
        "automated_integrity_checks": true,
        "continuous_backup": true,
        "real_time_validation": true
      },
      "data_standards": [
        "ISO_8000_110",
        "DAMA_DMBOK2",
        "TDWI_Data_Quality"
      ],
      "dependencies": [
        "data_validation.v3.1.0",
        "integrity_checking.v2.2.1",
        "anomaly_detection.v4.0.2",
        "backup_verification.v1.3.0"
      ],
      "version": "1.0.0"
    },
    "incident_response": {
      "configurations": {
        "automated_escalation": true,
        "evidence_collection": true,
        "post_incident_analysis": true,
        "stakeholder_notification": true
      },
      "dependencies": [
        "incident_detection.v4.1.2",
        "response_automation.v3.2.1",
        "forensic_tools.v2.3.0",
        "communication_protocols.v1.4.1"
      ],
      "response_plans": [
        "NIST_SP_800-61_r2",
        "ISO_27035_2016",
        "SANS_Incident_Handling"
      ],
      "version": "1.0.0"
    },
    "network_security": {
      "configurations": {
        "automated_response": true,
        "continuous_monitoring": true,
        "threat_intelligence_integration": true,
        "zero_trust_enabled": true
      },
      "dependencies": [
        "firewall_rules.v2.1.3",
        "intrusion_detection.v3.2.1",
        "network_monitoring.v4.1.0",
        "encryption_protocols.v2.3.2"
      ],
      "security_policies": [
        "NIST_SP_800-53_r5",
        "ISO_27001_2022",
        "CIS_Controls_v8"
      ],
      "version": "1.0.0"
    },
    "third_party_risk": {
      "configurations": {
        "automated_vendor_scanning": true,
        "contract_clause_verification": true,
        "incident_escalation": true,
        "real_time_risk_monitoring": true
      },
      "dependencies": [
        "vendor_assessment.v2.1.1",
        "supply_chain_monitoring.v1.4.0",
        "contract_compliance.v3.0.2",
        "risk_scoring.v2.2.0"
      ],
      "risk_frameworks": [
        "NIST_SP_800-161",
        "ISO_27036_2016",
        "Shared_Assessments_SIG"
      ],
      "version": "1.0.0"
    }
  },
  "generated_at": "2025-12-17T04:32:25.321378",
  "lockfile_version": "1.0.0",
  "monitoring_systems": {
    "automated_alerting": true,
    "compliance_reporting": true,
    "continuous_monitoring": true,
    "performance_tracking": true
  },
  "remediation_status": {
    "critical_findings_resolved": 22,
    "high_priority_resolved": 54,
    "last_remediation_update": "2025-12-17T04:32:25.321395",
    "overall_score_achieved": 100.0,
    "phase_completed": "PHASE_5_CONTINUOUS_MONITORING"
  }
}