{
  "version": "1.0.0",
  "created": "2024-12-17T00:00:00Z",
  "approvedBy": "system",
  "checksum": "6b651572386342a023224a52e92bbf52177056a313fd60678e48e8e7f27d1ba5",
  "file": "ssot_database_schema.json",
  "locked": true,
  "approval_required": true,
  "change_policy": "Database team and security review required for schema modifications"
}