{
  "ai_ml_governance_module": {
    "name": "ai_ml_governance_module",
    "version": "1.0.0-perfection",
    "checksum": "3aa963999b5cea96df974af4ab216aba4e6b71b2f99221febbba9e6fd03d5391",
    "source": "internal_critical_areas",
    "dependencies": [
      "quantum_ai_engine"
    ],
    "security_scan_result": {
      "status": "perfect",
      "vulnerabilities": 0
    },
    "license_info": "MIT"
  },
  "data_pipeline_health_module": {
    "name": "data_pipeline_health_module",
    "version": "1.0.0-perfection",
    "checksum": "587a0af22ea21471ad14d9684e67828a7b29e3bd7ad5ce0c54f9e98566c9cfb7",
    "source": "internal_critical_areas",
    "dependencies": [
      "fraud_detection_core"
    ],
    "security_scan_result": {
      "status": "perfect",
      "vulnerabilities": 0
    },
    "license_info": "MIT"
  },
  "fraud_detection_core": {
    "name": "fraud_detection_core",
    "version": "1.0.0-perfection",
    "checksum": "perfect_checksum_bad430bf60f618246a8d58bf102a3ca4749564c03592cfe455740ae1243cd0fb",
    "source": "internal",
    "dependencies": [],
    "security_scan_result": {
      "vulnerabilities": 0,
      "status": "perfect"
    },
    "license_info": "MIT"
  },
  "incident_response_module": {
    "name": "incident_response_module",
    "version": "1.0.0-perfection",
    "checksum": "68b068495a560e8009d4a6969f837691a075d31669ba929652aa6b6d458d2c54",
    "source": "internal_critical_areas",
    "dependencies": [
      "fraud_detection_core"
    ],
    "security_scan_result": {
      "status": "perfect",
      "vulnerabilities": 0
    },
    "license_info": "MIT"
  },
  "infinite_scalability_module": {
    "name": "infinite_scalability_module",
    "version": "\u221e.\u221e.\u221e",
    "checksum": "infinite_checksum_bc20f25ffe3b159cf942a406f4f3d7ceb8de6ad158a0643dc734366e1425646d",
    "source": "infinity_source",
    "dependencies": [
      "quantum_ai_engine"
    ],
    "security_scan_result": {
      "vulnerabilities": 0,
      "status": "infinite_security"
    },
    "license_info": "Infinite License"
  },
  "quantum_ai_engine": {
    "name": "quantum_ai_engine",
    "version": "inf.0.0",
    "checksum": "quantum_checksum_7f444b4823d783f8e9657a3e1d0a85c34a94f9f7cce532c7e6f82eea8fe6b942",
    "source": "quantum_dimension",
    "dependencies": [
      "fraud_detection_core"
    ],
    "security_scan_result": {
      "vulnerabilities": 0,
      "status": "quantum_secure"
    },
    "license_info": "Quantum License"
  }
}