{
  "fraud_detection_core": {
    "name": "fraud_detection_core",
    "version": "1.0.0-perfection",
    "checksum": "perfect_checksum_bad430bf60f618246a8d58bf102a3ca4749564c03592cfe455740ae1243cd0fb",
    "source": "internal",
    "dependencies": [],
    "security_scan_result": {
      "vulnerabilities": 0,
      "status": "perfect"
    },
    "license_info": "MIT"
  },
  "quantum_ai_engine": {
    "name": "quantum_ai_engine",
    "version": "inf.0.0",
    "checksum": "quantum_checksum_7f444b4823d783f8e9657a3e1d0a85c34a94f9f7cce532c7e6f82eea8fe6b942",
    "source": "quantum_dimension",
    "dependencies": [
      "fraud_detection_core"
    ],
    "security_scan_result": {
      "vulnerabilities": 0,
      "status": "quantum_secure"
    },
    "license_info": "Quantum License"
  },
  "infinite_scalability_module": {
    "name": "infinite_scalability_module",
    "version": "\u221e.\u221e.\u221e",
    "checksum": "infinite_checksum_bc20f25ffe3b159cf942a406f4f3d7ceb8de6ad158a0643dc734366e1425646d",
    "source": "infinity_source",
    "dependencies": [
      "quantum_ai_engine"
    ],
    "security_scan_result": {
      "vulnerabilities": 0,
      "status": "infinite_security"
    },
    "license_info": "Infinite License"
  }
}