{
  "production": {
    "perfection_level": "infinite",
    "security_level": "quantum",
    "performance_mode": "infinite",
    "monitoring_level": "omniscient",
    "auto_healing": true,
    "self_optimization": true
  },
  "development": {
    "perfection_level": "infinite",
    "security_level": "quantum",
    "performance_mode": "infinite",
    "monitoring_level": "omniscient",
    "auto_healing": true,
    "self_optimization": true
  }
}