{
  "version": "1.0.0",
  "created": "2024-12-17T00:00:00Z",
  "approvedBy": "system",
  "checksum": "5e65d9b30b375b4053b6e0a86e325836dd834532c52e17306f3273b346f323f0",
  "file": "ssot_security_policies.json",
  "locked": true,
  "approval_required": true,
  "change_policy": "Security team approval required for all policy modifications"
}