{
  "version": "1.0.0",
  "created": "2024-12-17T00:00:00Z",
  "approvedBy": "system",
  "checksum": "2dfa17a1256f9dfc949d49c345687ac360ba87fbfa006b65c6c31249d285f5c1",
  "file": "ssot_ui_components.json",
  "locked": true,
  "approval_required": true,
  "change_policy": "Frontend team approval required for component interface changes"
}