{
  "version": "1.0.0",
  "created": "2024-12-17T00:00:00Z",
  "approvedBy": "system",
  "checksum": "1bab6a020c7f47b0186dd4d66923865cd40256ea9bed8e550d61c1585cffc3c8",
  "file": "ssot_test_data.json",
  "locked": true,
  "approval_required": true,
  "change_policy": "QA team approval required for test data modifications"
}