{
  "build": {
    "build_system": "setuptools",
    "build_backend": "setuptools.build_meta",
    "python_requires": ">=3.11",
    "platform_support": [
      "linux-x86_64",
      "macosx-10.9-x86_64",
      "win-amd64"
    ],
    "dependency_resolution": "locked",
    "reproducible_builds": true,
    "security_scanning": "enabled",
    "vulnerability_checking": "strict"
  },
  "deployment": {
    "container_base": "python:3.11-slim",
    "container_security": "hardened",
    "orchestration": "kubernetes",
    "health_checks": "comprehensive",
    "rollback_capability": true,
    "zero_downtime_deployment": true,
    "auto_scaling": "enabled",
    "monitoring_integration": "prometheus"
  },
  "testing": {
    "test_framework": "pytest",
    "coverage_target": 85,
    "performance_benchmarks": "established",
    "security_testing": "integrated",
    "integration_testing": "automated",
    "e2e_testing": "enabled"
  },
  "monitoring": {
    "metrics_collection": "prometheus",
    "logging_aggregation": "centralized",
    "alerting_rules": "comprehensive",
    "performance_monitoring": "real-time",
    "security_monitoring": "continuous",
    "business_metrics": "tracked"
  }
}