{
  "category": "business_logic",
  "generated_at": "2025-12-17T04:08:41.489664",
  "version": "1.0.0-ssot-comprehensive",
  "description": "Comprehensive SSOT protection for business_logic files",
  "total_files": 31,
  "files": {
    "database.py": {
      "full_path": "backend/core/database.py",
      "category": "critical",
      "checksum": "a9a0f4e6b9a8a558efb00267409a74041753b5aeaa86c32f5f77ff6ccaadf998",
      "size_bytes": 38274,
      "modified": "2025-12-17T03:34:26.162143",
      "risk_score": 100,
      "protection_reason": "Category: critical, Risk: 135",
      "locked_at": "2025-12-17T04:08:41.489939"
    },
    "fraud_rules.py": {
      "full_path": "backend/app/routers/fraud_rules.py",
      "category": "critical",
      "checksum": "0cf09a25c6fe0ddd9289d464119c9eaa007050852cdc4f9a77a1e501b54e05b5",
      "size_bytes": 26528,
      "modified": "2025-12-17T03:24:45.660552",
      "risk_score": 100,
      "protection_reason": "Category: critical, Risk: 105",
      "locked_at": "2025-12-17T04:08:41.490101"
    },
    "fraud_detection.py": {
      "full_path": "backend/app/routers/fraud_detection.py",
      "category": "critical",
      "checksum": "deb4d49133942da4019644f0c67eb99a4e5430457685ea4ee3e017d8f93e1a1e",
      "size_bytes": 8131,
      "modified": "2025-12-17T01:38:35.904327",
      "risk_score": 100,
      "protection_reason": "Category: critical, Risk: 105",
      "locked_at": "2025-12-17T04:08:41.490456"
    },
    "fraud_detection_engine.py": {
      "full_path": "backend/app/services/intelligence/fraud_detection_engine.py",
      "category": "critical",
      "checksum": "ab85c8a060618ed735a7c8df9c369252bdc86d36047eb0ad569902546c3b0801",
      "size_bytes": 17292,
      "modified": "2025-12-17T03:05:16.941146",
      "risk_score": 100,
      "protection_reason": "Category: critical, Risk: 105",
      "locked_at": "2025-12-17T04:08:41.491661"
    },
    "ai_fraud_detector.py": {
      "full_path": "backend/app/services/ai_fraud_detector.py",
      "category": "critical",
      "checksum": "17600b742f7247e200cbe2116f4cddee7004f7279ff2ca726e53495e58efa06c",
      "size_bytes": 10584,
      "modified": "2025-12-17T01:38:35.970924",
      "risk_score": 100,
      "protection_reason": "Category: critical, Risk: 105",
      "locked_at": "2025-12-17T04:08:41.490705"
    },
    "database_optimizer_service.py": {
      "full_path": "backend/app/services/database_optimizer_service.py",
      "category": "critical",
      "checksum": "c62b5d31d025f56b41da65492a1b4452f8ed4ef33df2e77b8d35e145de548a2b",
      "size_bytes": 10391,
      "modified": "2025-12-17T01:38:35.979627",
      "risk_score": 100,
      "protection_reason": "Category: critical, Risk: 135",
      "locked_at": "2025-12-17T04:08:41.490810"
    },
    "database_service.py": {
      "full_path": "backend/app/services/database_service.py",
      "category": "critical",
      "checksum": "82b0b42199b52536ef127f98800cd276f12983b4b24464c03e7fe28f486bc654",
      "size_bytes": 19755,
      "modified": "2025-12-17T01:38:35.979872",
      "risk_score": 100,
      "protection_reason": "Category: critical, Risk: 135",
      "locked_at": "2025-12-17T04:08:41.490935"
    },
    "fraud_rules_engine.py": {
      "full_path": "backend/app/services/fraud_rules_engine.py",
      "category": "critical",
      "checksum": "2198dc249c404d558ef69f830166e2cd1f566a6f876c736810169ae074bdeef0",
      "size_bytes": 43434,
      "modified": "2025-12-17T01:38:35.990026",
      "risk_score": 100,
      "protection_reason": "Category: critical, Risk: 105",
      "locked_at": "2025-12-17T04:08:41.491339"
    },
    "multimodal_fraud_detector.py": {
      "full_path": "backend/app/services/multimodal_fraud_detector.py",
      "category": "critical",
      "checksum": "93c2fb73dc080d1a3b57345e2d335f644de943102b7ca60f15f7d010f31776fa",
      "size_bytes": 29322,
      "modified": "2025-12-17T01:38:35.994517",
      "risk_score": 100,
      "protection_reason": "Category: critical, Risk: 105",
      "locked_at": "2025-12-17T04:08:41.491528"
    },
    "rule_engine.py": {
      "full_path": "backend/app/services/fraud/rule_engine.py",
      "category": "critical",
      "checksum": "73a85033603f2596c7f23c65df5f5a016f93d1d670c451409455f33c56a97244",
      "size_bytes": 13953,
      "modified": "2025-12-17T01:38:35.984418",
      "risk_score": 100,
      "protection_reason": "Category: critical, Risk: 105",
      "locked_at": "2025-12-17T04:08:41.491778"
    },
    "engine.py": {
      "full_path": "backend/app/services/fraud/engine.py",
      "category": "critical",
      "checksum": "729933aba698e805219af17539cb2043025726cb1075ba1eaccad1243d9a8112",
      "size_bytes": 16235,
      "modified": "2025-12-17T01:38:35.984226",
      "risk_score": 100,
      "protection_reason": "Category: critical, Risk: 105",
      "locked_at": "2025-12-17T04:08:41.491917"
    },
    "shell_company.py": {
      "full_path": "backend/app/services/fraud/rules/shell_company.py",
      "category": "critical",
      "checksum": "4d28a159399aa7f100a2bb6dc83a4560323c9352964658bf189902d325561a93",
      "size_bytes": 3340,
      "modified": "2025-12-17T01:38:35.989350",
      "risk_score": 100,
      "protection_reason": "Category: critical, Risk: 105",
      "locked_at": "2025-12-17T04:08:41.492009"
    },
    "ai_detection.py": {
      "full_path": "backend/app/services/fraud/rules/ai_detection.py",
      "category": "critical",
      "checksum": "36127c94f2683c8f3cc328753a008205d900b8c2aded040df5638b2b2635ddbb",
      "size_bytes": 3718,
      "modified": "2025-12-17T01:38:35.988862",
      "risk_score": 100,
      "protection_reason": "Category: critical, Risk: 105",
      "locked_at": "2025-12-17T04:08:41.492097"
    },
    "mirror_transaction.py": {
      "full_path": "backend/app/services/fraud/rules/mirror_transaction.py",
      "category": "critical",
      "checksum": "bc9f4eb1563c8d7e62349afdf509917a21394aae1c2afa01d7d782c5597d8a5a",
      "size_bytes": 2796,
      "modified": "2025-12-17T01:38:35.989027",
      "risk_score": 100,
      "protection_reason": "Category: critical, Risk: 105",
      "locked_at": "2025-12-17T04:08:41.492182"
    },
    "structuring.py": {
      "full_path": "backend/app/services/fraud/rules/structuring.py",
      "category": "critical",
      "checksum": "8cb605b014da25ac1fd9a7b5c47daad92e41ee429cac2883b455cf9fa33be20b",
      "size_bytes": 8299,
      "modified": "2025-12-17T01:38:35.989552",
      "risk_score": 100,
      "protection_reason": "Category: critical, Risk: 105",
      "locked_at": "2025-12-17T04:08:41.492365"
    },
    "round_trip.py": {
      "full_path": "backend/app/services/fraud/rules/round_trip.py",
      "category": "critical",
      "checksum": "899bf3d70902b62108bd2c842e40cda82b35e49abf3088c5bfde918e23ec63b7",
      "size_bytes": 8163,
      "modified": "2025-12-17T01:38:35.989201",
      "risk_score": 100,
      "protection_reason": "Category: critical, Risk: 105",
      "locked_at": "2025-12-17T04:08:41.492502"
    },
    "dashboard_analytics.py": {
      "full_path": "backend/app/services/analytics/dashboard_analytics.py",
      "category": "critical",
      "checksum": "722974abe67c316f3dcb78c6b9293b84a30d0701ef3f55d75d33da0f453f0374",
      "size_bytes": 25420,
      "modified": "2025-12-17T01:38:35.973329",
      "risk_score": 100,
      "protection_reason": "Category: critical, Risk: 105",
      "locked_at": "2025-12-17T04:08:41.492653"
    },
    "test_fraud_detection.py": {
      "full_path": "backend/tests/test_fraud_detection.py",
      "category": "critical",
      "checksum": "b5eab524ab0450c1c03c2c2978958852f37312ba425cfc699592bc9ff6949ed2",
      "size_bytes": 13548,
      "modified": "2025-12-17T03:18:32.136137",
      "risk_score": 100,
      "protection_reason": "Category: critical, Risk: 105",
      "locked_at": "2025-12-17T04:08:41.492769"
    },
    "test_database.py": {
      "full_path": "backend/tests/unit/test_database.py",
      "category": "critical",
      "checksum": "0950a11ca7be95aa7af8a87f238ee887ffb314e7d81666515f7a75c3f05eee7f",
      "size_bytes": 8857,
      "modified": "2025-12-17T01:38:36.356564",
      "risk_score": 100,
      "protection_reason": "Category: critical, Risk: 135",
      "locked_at": "2025-12-17T04:08:41.492894"
    },
    "test_fraud_engine.py": {
      "full_path": "backend/tests/integration/test_fraud_engine.py",
      "category": "critical",
      "checksum": "3005b382acf954ad1c68e398133aa4083d7ed6edfaf415cbd7ffca693d7c48c2",
      "size_bytes": 3209,
      "modified": "2025-12-17T01:38:36.343976",
      "risk_score": 100,
      "protection_reason": "Category: critical, Risk: 105",
      "locked_at": "2025-12-17T04:08:41.496213"
    },
    "002_add_fraud_alerts.py": {
      "full_path": "backend/alembic/versions/002_add_fraud_alerts.py",
      "category": "critical",
      "checksum": "0991d6baa98aaaf264461d3d2d08623b84913767e030e48d95436a963174a06a",
      "size_bytes": 3562,
      "modified": "2025-12-17T01:38:35.856889",
      "risk_score": 100,
      "protection_reason": "Category: critical, Risk: 105",
      "locked_at": "2025-12-17T04:08:41.496349"
    },
    "schema.ts": {
      "full_path": "frontend/src/types/schema.ts",
      "category": "critical",
      "checksum": "70eed6d50f9aa2f81b0e494cc7a27550eef21ff23d92364324d3607e14888be1",
      "size_bytes": 2048,
      "modified": "2025-12-17T03:49:21.090075",
      "risk_score": 100,
      "protection_reason": "Category: critical, Risk: 105",
      "locked_at": "2025-12-17T04:08:41.496506"
    },
    "FraudRuleBuilder.tsx": {
      "full_path": "frontend/src/components/fraud/FraudRuleBuilder.tsx",
      "category": "critical",
      "checksum": "b3fb71a5e0b3c79ea0bbdf029b0bbefb6852c9ebdce9337363915e2cf12b6dd9",
      "size_bytes": 12384,
      "modified": "2025-12-17T03:50:29.360532",
      "risk_score": 100,
      "protection_reason": "Category: critical, Risk: 105",
      "locked_at": "2025-12-17T04:08:41.496780"
    },
    "AIFraudDetection.ts": {
      "full_path": "frontend/src/lib/AIFraudDetection.ts",
      "category": "critical",
      "checksum": "9e5d40c9439a062b74711b5d166dfdedfcf33b8f060305063c66d2b0c5c5b417",
      "size_bytes": 16593,
      "modified": "2025-12-17T03:49:22.530449",
      "risk_score": 100,
      "protection_reason": "Category: critical, Risk: 105",
      "locked_at": "2025-12-17T04:08:41.496921"
    },
    "app_fraud.md": {
      "full_path": "backend/app/plugins/knowledge_base/typologies/emerging/app_fraud.md",
      "category": "critical",
      "checksum": "5e8e04f4892fb001d7d5668ba10581fc77946a6732c547398c47a21954e6b99e",
      "size_bytes": 1338,
      "modified": "2025-12-17T01:38:35.859410",
      "risk_score": 90,
      "protection_reason": "Category: critical, Risk: 90",
      "locked_at": "2025-12-17T04:08:41.497067"
    },
    "elder_exploitation.md": {
      "full_path": "backend/app/plugins/knowledge_base/typologies/fraud/elder_exploitation.md",
      "category": "critical",
      "checksum": "291f1d380940d9f28aeabbb26606425dca695973e68adaaf40f08c53eaa3d45c",
      "size_bytes": 1114,
      "modified": "2025-12-17T01:38:35.859768",
      "risk_score": 90,
      "protection_reason": "Category: critical, Risk: 90",
      "locked_at": "2025-12-17T04:08:41.497167"
    },
    "ghost_employees.md": {
      "full_path": "backend/app/plugins/knowledge_base/typologies/fraud/ghost_employees.md",
      "category": "critical",
      "checksum": "0f721bac66daf4d81c49f0564068c481b62cfb8b93953127d5987fa0c3d9f7da",
      "size_bytes": 935,
      "modified": "2025-12-17T01:38:35.859927",
      "risk_score": 90,
      "protection_reason": "Category: critical, Risk: 90",
      "locked_at": "2025-12-17T04:08:41.497280"
    },
    "advanced_risk_scoring.py": {
      "full_path": "backend/app/services/advanced_risk_scoring.py",
      "category": "medium",
      "checksum": "3e3dc3d0fe5531209149ad848076c1e4ff5499bf9bac893c8f9e887a57f2fb28",
      "size_bytes": 40831,
      "modified": "2025-12-17T01:38:35.967362",
      "risk_score": 65,
      "protection_reason": "Category: medium, Risk: 65",
      "locked_at": "2025-12-17T04:08:41.497495"
    },
    "advanced_threat_detection_service.py": {
      "full_path": "backend/app/services/advanced_threat_detection_service.py",
      "category": "medium",
      "checksum": "2304b5f9f2e46e4b94c4d74f192d7d636263947755a6b39136dc1909329a9d5e",
      "size_bytes": 31829,
      "modified": "2025-12-17T01:38:35.967778",
      "risk_score": 65,
      "protection_reason": "Category: medium, Risk: 65",
      "locked_at": "2025-12-17T04:08:41.497652"
    },
    "automated_scoring_system.py": {
      "full_path": "backend/app/services/scoring/automated_scoring_system.py",
      "category": "medium",
      "checksum": "43dd1e818d256eaa15283c33c376e0ef37073d1260f405d64b32f82738b36c2c",
      "size_bytes": 13000,
      "modified": "2025-12-17T01:38:35.998538",
      "risk_score": 65,
      "protection_reason": "Category: medium, Risk: 65",
      "locked_at": "2025-12-17T04:08:41.497814"
    }
  }
}