{
  "gdpr": {
    "data_subject_rights": "fully_implemented",
    "consent_management": "granular",
    "data_portability": "automated",
    "right_to_erasure": "immediate",
    "privacy_by_design": "integrated",
    "data_protection_impact": "assessed"
  },
  "ccpa": {
    "privacy_rights": "california_residents",
    "opt_out_mechanisms": "easy",
    "data_sales_tracking": "complete",
    "minor_data_protection": "enhanced",
    "sensitive_data_handling": "strict"
  },
  "sox": {
    "financial_controls": "automated",
    "audit_trails": "tamper_proof",
    "access_controls": "role_based",
    "change_management": "versioned",
    "documentation": "complete"
  },
  "iso27001": {
    "information_security_policy": "established",
    "risk_assessment": "continuous",
    "access_control": "technical_administrative",
    "cryptography": "strong",
    "physical_security": "monitored",
    "operations_security": "automated"
  },
  "pci_dss": {
    "cardholder_data_protection": "encrypted",
    "access_control_measures": "implemented",
    "vulnerability_management": "automated",
    "network_security": "segmented",
    "monitoring_logging": "comprehensive",
    "security_testing": "regular"
  }
}