{
  "system.perfection_level": {
    "component": "system.perfection_level",
    "config_hash": "4a7a548a25543b60b37dbfb0cca0e540d1f51bcb310e00b66f886f264284e6b7",
    "dependencies": [],
    "environment_constraints": {
      "min_perfection_level": "infinite",
      "quantum_enhanced": true,
      "zero_defects": true
    },
    "timestamp": "2025-12-17T03:42:14.047253"
  },
  "system.zero_defects": {
    "component": "system.zero_defects",
    "config_hash": "b5bea41b6c623f7c09f1bf24dcae58ebab3c0cdd90ad966bc43a45b44867e12b",
    "dependencies": [],
    "environment_constraints": {
      "min_perfection_level": "infinite",
      "quantum_enhanced": true,
      "zero_defects": true
    },
    "timestamp": "2025-12-17T03:42:14.110331"
  },
  "system.quantum_enhanced": {
    "component": "system.quantum_enhanced",
    "config_hash": "b5bea41b6c623f7c09f1bf24dcae58ebab3c0cdd90ad966bc43a45b44867e12b",
    "dependencies": [],
    "environment_constraints": {
      "min_perfection_level": "infinite",
      "quantum_enhanced": true,
      "zero_defects": true
    },
    "timestamp": "2025-12-17T03:42:14.114335"
  },
  "system.self_optimizing": {
    "component": "system.self_optimizing",
    "config_hash": "b5bea41b6c623f7c09f1bf24dcae58ebab3c0cdd90ad966bc43a45b44867e12b",
    "dependencies": [],
    "environment_constraints": {
      "min_perfection_level": "infinite",
      "quantum_enhanced": true,
      "zero_defects": true
    },
    "timestamp": "2025-12-17T03:42:14.128900"
  },
  "risk.tolerance": {
    "component": "risk.tolerance",
    "config_hash": "8aed642bf5118b9d3c859bd4be35ecac75b6e873cce34e7b6f554b06f75550d7",
    "dependencies": [],
    "environment_constraints": {
      "min_perfection_level": "infinite",
      "quantum_enhanced": true,
      "zero_defects": true
    },
    "timestamp": "2025-12-17T03:42:14.862472"
  },
  "risk.prediction_accuracy": {
    "component": "risk.prediction_accuracy",
    "config_hash": "d0ff5974b6aa52cf562bea5921840c032a860a91a3512f7fe8f768f6bbe005f6",
    "dependencies": [],
    "environment_constraints": {
      "min_perfection_level": "infinite",
      "quantum_enhanced": true,
      "zero_defects": true
    },
    "timestamp": "2025-12-17T03:42:14.872307"
  },
  "risk.mitigation_speed": {
    "component": "risk.mitigation_speed",
    "config_hash": "cb070af27365583d374e26fb4fb68e7785bc3d867f523c81e0a8fb3153a650a8",
    "dependencies": [],
    "environment_constraints": {
      "min_perfection_level": "infinite",
      "quantum_enhanced": true,
      "zero_defects": true
    },
    "timestamp": "2025-12-17T03:42:14.156884"
  },
  "innovation.velocity": {
    "component": "innovation.velocity",
    "config_hash": "4a7a548a25543b60b37dbfb0cca0e540d1f51bcb310e00b66f886f264284e6b7",
    "dependencies": [],
    "environment_constraints": {
      "min_perfection_level": "infinite",
      "quantum_enhanced": true,
      "zero_defects": true
    },
    "timestamp": "2025-12-17T03:42:14.777841"
  },
  "innovation.experimentation_capacity": {
    "component": "innovation.experimentation_capacity",
    "config_hash": "4a7a548a25543b60b37dbfb0cca0e540d1f51bcb310e00b66f886f264284e6b7",
    "dependencies": [],
    "environment_constraints": {
      "min_perfection_level": "infinite",
      "quantum_enhanced": true,
      "zero_defects": true
    },
    "timestamp": "2025-12-17T03:42:14.791974"
  },
  "innovation.success_rate": {
    "component": "innovation.success_rate",
    "config_hash": "d0ff5974b6aa52cf562bea5921840c032a860a91a3512f7fe8f768f6bbe005f6",
    "dependencies": [],
    "environment_constraints": {
      "min_perfection_level": "infinite",
      "quantum_enhanced": true,
      "zero_defects": true
    },
    "timestamp": "2025-12-17T03:42:14.805103"
  },
  "performance.response_time": {
    "component": "performance.response_time",
    "config_hash": "8aed642bf5118b9d3c859bd4be35ecac75b6e873cce34e7b6f554b06f75550d7",
    "dependencies": [],
    "environment_constraints": {
      "min_perfection_level": "infinite",
      "quantum_enhanced": true,
      "zero_defects": true
    },
    "timestamp": "2025-12-17T03:42:14.179514"
  },
  "performance.throughput": {
    "component": "performance.throughput",
    "config_hash": "4a7a548a25543b60b37dbfb0cca0e540d1f51bcb310e00b66f886f264284e6b7",
    "dependencies": [],
    "environment_constraints": {
      "min_perfection_level": "infinite",
      "quantum_enhanced": true,
      "zero_defects": true
    },
    "timestamp": "2025-12-17T03:42:14.185738"
  },
  "performance.efficiency": {
    "component": "performance.efficiency",
    "config_hash": "d0ff5974b6aa52cf562bea5921840c032a860a91a3512f7fe8f768f6bbe005f6",
    "dependencies": [],
    "environment_constraints": {
      "min_perfection_level": "infinite",
      "quantum_enhanced": true,
      "zero_defects": true
    },
    "timestamp": "2025-12-17T03:42:14.192871"
  },
  "security.vulnerabilities": {
    "component": "security.vulnerabilities",
    "config_hash": "5feceb66ffc86f38d952786c6d696c79c2dbc239dd4e91b46729d73a27fb57e9",
    "dependencies": [],
    "environment_constraints": {
      "min_perfection_level": "infinite",
      "quantum_enhanced": true,
      "zero_defects": true
    },
    "timestamp": "2025-12-17T03:42:14.196823"
  },
  "security.encryption_level": {
    "component": "security.encryption_level",
    "config_hash": "a9240202163e477c57659ed568eddb9908e8016b3f05054955b11188f0d2344d",
    "dependencies": [],
    "environment_constraints": {
      "min_perfection_level": "infinite",
      "quantum_enhanced": true,
      "zero_defects": true
    },
    "timestamp": "2025-12-17T03:42:14.331517"
  },
  "security.threat_detection": {
    "component": "security.threat_detection",
    "config_hash": "556d8d0298ef68ad5024aaca92520576fcfc691b750e8701f1db1e6b650829b7",
    "dependencies": [],
    "environment_constraints": {
      "min_perfection_level": "infinite",
      "quantum_enhanced": true,
      "zero_defects": true
    },
    "timestamp": "2025-12-17T03:42:14.343686"
  },
  "sustainability.impact": {
    "component": "sustainability.impact",
    "config_hash": "8aed642bf5118b9d3c859bd4be35ecac75b6e873cce34e7b6f554b06f75550d7",
    "dependencies": [],
    "environment_constraints": {
      "min_perfection_level": "infinite",
      "quantum_enhanced": true,
      "zero_defects": true
    },
    "timestamp": "2025-12-17T03:42:14.352872"
  },
  "scalability.limit": {
    "component": "scalability.limit",
    "config_hash": "4a7a548a25543b60b37dbfb0cca0e540d1f51bcb310e00b66f886f264284e6b7",
    "dependencies": [],
    "environment_constraints": {
      "min_perfection_level": "infinite",
      "quantum_enhanced": true,
      "zero_defects": true
    },
    "timestamp": "2025-12-17T03:42:14.360707"
  },
  "reliability.uptime": {
    "component": "reliability.uptime",
    "config_hash": "d0ff5974b6aa52cf562bea5921840c032a860a91a3512f7fe8f768f6bbe005f6",
    "dependencies": [],
    "environment_constraints": {
      "min_perfection_level": "infinite",
      "quantum_enhanced": true,
      "zero_defects": true
    },
    "timestamp": "2025-12-17T03:42:14.366935"
  },
  "compliance.adherence": {
    "component": "compliance.adherence",
    "config_hash": "d0ff5974b6aa52cf562bea5921840c032a860a91a3512f7fe8f768f6bbe005f6",
    "dependencies": [],
    "environment_constraints": {
      "min_perfection_level": "infinite",
      "quantum_enhanced": true,
      "zero_defects": true
    },
    "timestamp": "2025-12-17T03:42:14.375356"
  },
  "monitoring.coverage": {
    "component": "monitoring.coverage",
    "config_hash": "d0ff5974b6aa52cf562bea5921840c032a860a91a3512f7fe8f768f6bbe005f6",
    "dependencies": [],
    "environment_constraints": {
      "min_perfection_level": "infinite",
      "quantum_enhanced": true,
      "zero_defects": true
    },
    "timestamp": "2025-12-17T03:42:14.380751"
  },
  "automation.level": {
    "component": "automation.level",
    "config_hash": "d0ff5974b6aa52cf562bea5921840c032a860a91a3512f7fe8f768f6bbe005f6",
    "dependencies": [],
    "environment_constraints": {
      "min_perfection_level": "infinite",
      "quantum_enhanced": true,
      "zero_defects": true
    },
    "timestamp": "2025-12-17T03:42:14.388396"
  },
  "architecture.perfection": {
    "component": "architecture.perfection",
    "config_hash": "d0ff5974b6aa52cf562bea5921840c032a860a91a3512f7fe8f768f6bbe005f6",
    "dependencies": [],
    "environment_constraints": {
      "min_perfection_level": "infinite",
      "quantum_enhanced": true,
      "zero_defects": true
    },
    "timestamp": "2025-12-17T03:42:14.395468"
  },
  "code_quality.defects": {
    "component": "code_quality.defects",
    "config_hash": "5feceb66ffc86f38d952786c6d696c79c2dbc239dd4e91b46729d73a27fb57e9",
    "dependencies": [],
    "environment_constraints": {
      "min_perfection_level": "infinite",
      "quantum_enhanced": true,
      "zero_defects": true
    },
    "timestamp": "2025-12-17T03:42:14.400530"
  },
  "business_alignment.perfection": {
    "component": "business_alignment.perfection",
    "config_hash": "d0ff5974b6aa52cf562bea5921840c032a860a91a3512f7fe8f768f6bbe005f6",
    "dependencies": [],
    "environment_constraints": {
      "min_perfection_level": "infinite",
      "quantum_enhanced": true,
      "zero_defects": true
    },
    "timestamp": "2025-12-17T03:42:14.410669"
  },
  "operational_excellence.score": {
    "component": "operational_excellence.score",
    "config_hash": "d0ff5974b6aa52cf562bea5921840c032a860a91a3512f7fe8f768f6bbe005f6",
    "dependencies": [],
    "environment_constraints": {
      "min_perfection_level": "infinite",
      "quantum_enhanced": true,
      "zero_defects": true
    },
    "timestamp": "2025-12-17T03:42:14.419266"
  },
  "cost_optimization.efficiency": {
    "component": "cost_optimization.efficiency",
    "config_hash": "d0ff5974b6aa52cf562bea5921840c032a860a91a3512f7fe8f768f6bbe005f6",
    "dependencies": [],
    "environment_constraints": {
      "min_perfection_level": "infinite",
      "quantum_enhanced": true,
      "zero_defects": true
    },
    "timestamp": "2025-12-17T03:42:14.427509"
  },
  "competitive_positioning.dominance": {
    "component": "competitive_positioning.dominance",
    "config_hash": "d0ff5974b6aa52cf562bea5921840c032a860a91a3512f7fe8f768f6bbe005f6",
    "dependencies": [],
    "environment_constraints": {
      "min_perfection_level": "infinite",
      "quantum_enhanced": true,
      "zero_defects": true
    },
    "timestamp": "2025-12-17T03:42:14.434420"
  },
  "system.architecture.perfection": {
    "component": "system.architecture.perfection",
    "config_hash": "d0ff5974b6aa52cf562bea5921840c032a860a91a3512f7fe8f768f6bbe005f6",
    "dependencies": [],
    "environment_constraints": {
      "min_perfection_level": "infinite",
      "quantum_enhanced": true,
      "zero_defects": true
    },
    "timestamp": "2025-12-17T03:42:14.441345"
  },
  "system.code_quality.defects": {
    "component": "system.code_quality.defects",
    "config_hash": "5feceb66ffc86f38d952786c6d696c79c2dbc239dd4e91b46729d73a27fb57e9",
    "dependencies": [],
    "environment_constraints": {
      "min_perfection_level": "infinite",
      "quantum_enhanced": true,
      "zero_defects": true
    },
    "timestamp": "2025-12-17T03:42:14.448034"
  },
  "system.security.vulnerabilities": {
    "component": "system.security.vulnerabilities",
    "config_hash": "5feceb66ffc86f38d952786c6d696c79c2dbc239dd4e91b46729d73a27fb57e9",
    "dependencies": [],
    "environment_constraints": {
      "min_perfection_level": "infinite",
      "quantum_enhanced": true,
      "zero_defects": true
    },
    "timestamp": "2025-12-17T03:42:14.595409"
  },
  "system.performance.efficiency": {
    "component": "system.performance.efficiency",
    "config_hash": "d0ff5974b6aa52cf562bea5921840c032a860a91a3512f7fe8f768f6bbe005f6",
    "dependencies": [],
    "environment_constraints": {
      "min_perfection_level": "infinite",
      "quantum_enhanced": true,
      "zero_defects": true
    },
    "timestamp": "2025-12-17T03:42:14.625828"
  },
  "system.reliability.uptime": {
    "component": "system.reliability.uptime",
    "config_hash": "d0ff5974b6aa52cf562bea5921840c032a860a91a3512f7fe8f768f6bbe005f6",
    "dependencies": [],
    "environment_constraints": {
      "min_perfection_level": "infinite",
      "quantum_enhanced": true,
      "zero_defects": true
    },
    "timestamp": "2025-12-17T03:42:14.642312"
  },
  "system.compliance.adherence": {
    "component": "system.compliance.adherence",
    "config_hash": "d0ff5974b6aa52cf562bea5921840c032a860a91a3512f7fe8f768f6bbe005f6",
    "dependencies": [],
    "environment_constraints": {
      "min_perfection_level": "infinite",
      "quantum_enhanced": true,
      "zero_defects": true
    },
    "timestamp": "2025-12-17T03:42:14.658456"
  },
  "system.scalability.limit": {
    "component": "system.scalability.limit",
    "config_hash": "4a7a548a25543b60b37dbfb0cca0e540d1f51bcb310e00b66f886f264284e6b7",
    "dependencies": [],
    "environment_constraints": {
      "min_perfection_level": "infinite",
      "quantum_enhanced": true,
      "zero_defects": true
    },
    "timestamp": "2025-12-17T03:42:14.671007"
  },
  "system.monitoring.coverage": {
    "component": "system.monitoring.coverage",
    "config_hash": "d0ff5974b6aa52cf562bea5921840c032a860a91a3512f7fe8f768f6bbe005f6",
    "dependencies": [],
    "environment_constraints": {
      "min_perfection_level": "infinite",
      "quantum_enhanced": true,
      "zero_defects": true
    },
    "timestamp": "2025-12-17T03:42:14.678108"
  },
  "system.automation.level": {
    "component": "system.automation.level",
    "config_hash": "d0ff5974b6aa52cf562bea5921840c032a860a91a3512f7fe8f768f6bbe005f6",
    "dependencies": [],
    "environment_constraints": {
      "min_perfection_level": "infinite",
      "quantum_enhanced": true,
      "zero_defects": true
    },
    "timestamp": "2025-12-17T03:42:14.692533"
  },
  "business.alignment.perfection": {
    "component": "business.alignment.perfection",
    "config_hash": "d0ff5974b6aa52cf562bea5921840c032a860a91a3512f7fe8f768f6bbe005f6",
    "dependencies": [],
    "environment_constraints": {
      "min_perfection_level": "infinite",
      "quantum_enhanced": true,
      "zero_defects": true
    },
    "timestamp": "2025-12-17T03:42:14.711347"
  },
  "business.operational_excellence.score": {
    "component": "business.operational_excellence.score",
    "config_hash": "d0ff5974b6aa52cf562bea5921840c032a860a91a3512f7fe8f768f6bbe005f6",
    "dependencies": [],
    "environment_constraints": {
      "min_perfection_level": "infinite",
      "quantum_enhanced": true,
      "zero_defects": true
    },
    "timestamp": "2025-12-17T03:42:14.742844"
  },
  "business.cost_optimization.efficiency": {
    "component": "business.cost_optimization.efficiency",
    "config_hash": "d0ff5974b6aa52cf562bea5921840c032a860a91a3512f7fe8f768f6bbe005f6",
    "dependencies": [],
    "environment_constraints": {
      "min_perfection_level": "infinite",
      "quantum_enhanced": true,
      "zero_defects": true
    },
    "timestamp": "2025-12-17T03:42:14.759108"
  },
  "business.sustainability.impact": {
    "component": "business.sustainability.impact",
    "config_hash": "8aed642bf5118b9d3c859bd4be35ecac75b6e873cce34e7b6f554b06f75550d7",
    "dependencies": [],
    "environment_constraints": {
      "min_perfection_level": "infinite",
      "quantum_enhanced": true,
      "zero_defects": true
    },
    "timestamp": "2025-12-17T03:42:14.764000"
  },
  "innovation.readiness.level": {
    "component": "innovation.readiness.level",
    "config_hash": "d0ff5974b6aa52cf562bea5921840c032a860a91a3512f7fe8f768f6bbe005f6",
    "dependencies": [],
    "environment_constraints": {
      "min_perfection_level": "infinite",
      "quantum_enhanced": true,
      "zero_defects": true
    },
    "timestamp": "2025-12-17T03:42:14.812381"
  },
  "competitive.positioning.dominance": {
    "component": "competitive.positioning.dominance",
    "config_hash": "d0ff5974b6aa52cf562bea5921840c032a860a91a3512f7fe8f768f6bbe005f6",
    "dependencies": [],
    "environment_constraints": {
      "min_perfection_level": "infinite",
      "quantum_enhanced": true,
      "zero_defects": true
    },
    "timestamp": "2025-12-17T03:42:14.826334"
  },
  "competitive.innovation.leadership": {
    "component": "competitive.innovation.leadership",
    "config_hash": "4a7a548a25543b60b37dbfb0cca0e540d1f51bcb310e00b66f886f264284e6b7",
    "dependencies": [],
    "environment_constraints": {
      "min_perfection_level": "infinite",
      "quantum_enhanced": true,
      "zero_defects": true
    },
    "timestamp": "2025-12-17T03:42:14.834810"
  },
  "competitive.market.share": {
    "component": "competitive.market.share",
    "config_hash": "d0ff5974b6aa52cf562bea5921840c032a860a91a3512f7fe8f768f6bbe005f6",
    "dependencies": [],
    "environment_constraints": {
      "min_perfection_level": "infinite",
      "quantum_enhanced": true,
      "zero_defects": true
    },
    "timestamp": "2025-12-17T03:42:14.844752"
  },
  "competitive.brand.perfection": {
    "component": "competitive.brand.perfection",
    "config_hash": "d0ff5974b6aa52cf562bea5921840c032a860a91a3512f7fe8f768f6bbe005f6",
    "dependencies": [],
    "environment_constraints": {
      "min_perfection_level": "infinite",
      "quantum_enhanced": true,
      "zero_defects": true
    },
    "timestamp": "2025-12-17T03:42:14.856264"
  },
  "risk.mitigation_effectiveness": {
    "component": "risk.mitigation_effectiveness",
    "config_hash": "d0ff5974b6aa52cf562bea5921840c032a860a91a3512f7fe8f768f6bbe005f6",
    "dependencies": [],
    "environment_constraints": {
      "min_perfection_level": "infinite",
      "quantum_enhanced": true,
      "zero_defects": true
    },
    "timestamp": "2025-12-17T03:42:14.880922"
  },
  "risk.exposure.level": {
    "component": "risk.exposure.level",
    "config_hash": "8aed642bf5118b9d3c859bd4be35ecac75b6e873cce34e7b6f554b06f75550d7",
    "dependencies": [],
    "environment_constraints": {
      "min_perfection_level": "infinite",
      "quantum_enhanced": true,
      "zero_defects": true
    },
    "timestamp": "2025-12-17T03:42:14.891556"
  },
  "dependencies.fraud_detection_core.version": {
    "component": "dependencies.fraud_detection_core.version",
    "config_hash": "369dbcbefbc785d8e4bed7df60e9c70e0fdcefb0d9888d93f26044b1b96fc964",
    "dependencies": [],
    "environment_constraints": {
      "min_perfection_level": "infinite",
      "quantum_enhanced": true,
      "zero_defects": true
    },
    "timestamp": "2025-12-17T03:42:14.899057"
  },
  "dependencies.quantum_ai_engine.version": {
    "component": "dependencies.quantum_ai_engine.version",
    "config_hash": "70b0b96fc33d99b8621e07a313bd926ec276568be62f2c22a9b2cd9a3bc0dc5b",
    "dependencies": [],
    "environment_constraints": {
      "min_perfection_level": "infinite",
      "quantum_enhanced": true,
      "zero_defects": true
    },
    "timestamp": "2025-12-17T03:42:14.909000"
  },
  "dependencies.infinite_scalability.version": {
    "component": "dependencies.infinite_scalability.version",
    "config_hash": "630c8c5ec697b971f51ad76721783e516e13441288eed9b7150d703993256487",
    "dependencies": [],
    "environment_constraints": {
      "min_perfection_level": "infinite",
      "quantum_enhanced": true,
      "zero_defects": true
    },
    "timestamp": "2025-12-17T03:42:14.914341"
  },
  "dependencies.security_framework.version": {
    "component": "dependencies.security_framework.version",
    "config_hash": "4e06e3c9513900465ea2461361ac3c3c6d7cd89257345ff46d82fa7942453efe",
    "dependencies": [],
    "environment_constraints": {
      "min_perfection_level": "infinite",
      "quantum_enhanced": true,
      "zero_defects": true
    },
    "timestamp": "2025-12-17T03:42:14.924397"
  },
  "dependencies.monitoring_system.version": {
    "component": "dependencies.monitoring_system.version",
    "config_hash": "bbc6eb8a0ac1c986ff8feda2d894b75dea5e4634d1f4625fa2254db051616f1d",
    "dependencies": [],
    "environment_constraints": {
      "min_perfection_level": "infinite",
      "quantum_enhanced": true,
      "zero_defects": true
    },
    "timestamp": "2025-12-17T03:42:14.931928"
  },
  "environment.production.perfection_level": {
    "component": "environment.production.perfection_level",
    "config_hash": "4a7a548a25543b60b37dbfb0cca0e540d1f51bcb310e00b66f886f264284e6b7",
    "dependencies": [],
    "environment_constraints": {
      "min_perfection_level": "infinite",
      "quantum_enhanced": true,
      "zero_defects": true
    },
    "timestamp": "2025-12-17T03:42:14.939338"
  },
  "environment.production.security_level": {
    "component": "environment.production.security_level",
    "config_hash": "a9240202163e477c57659ed568eddb9908e8016b3f05054955b11188f0d2344d",
    "dependencies": [],
    "environment_constraints": {
      "min_perfection_level": "infinite",
      "quantum_enhanced": true,
      "zero_defects": true
    },
    "timestamp": "2025-12-17T03:42:14.947109"
  },
  "environment.production.performance_mode": {
    "component": "environment.production.performance_mode",
    "config_hash": "4a7a548a25543b60b37dbfb0cca0e540d1f51bcb310e00b66f886f264284e6b7",
    "dependencies": [],
    "environment_constraints": {
      "min_perfection_level": "infinite",
      "quantum_enhanced": true,
      "zero_defects": true
    },
    "timestamp": "2025-12-17T03:42:15.082406"
  },
  "environment.development.perfection_level": {
    "component": "environment.development.perfection_level",
    "config_hash": "4a7a548a25543b60b37dbfb0cca0e540d1f51bcb310e00b66f886f264284e6b7",
    "dependencies": [],
    "environment_constraints": {
      "min_perfection_level": "infinite",
      "quantum_enhanced": true,
      "zero_defects": true
    },
    "timestamp": "2025-12-17T03:42:15.092202"
  },
  "environment.development.security_level": {
    "component": "environment.development.security_level",
    "config_hash": "a9240202163e477c57659ed568eddb9908e8016b3f05054955b11188f0d2344d",
    "dependencies": [],
    "environment_constraints": {
      "min_perfection_level": "infinite",
      "quantum_enhanced": true,
      "zero_defects": true
    },
    "timestamp": "2025-12-17T03:42:15.097262"
  },
  "build.reproducibility": {
    "component": "build.reproducibility",
    "config_hash": "d0ff5974b6aa52cf562bea5921840c032a860a91a3512f7fe8f768f6bbe005f6",
    "dependencies": [],
    "environment_constraints": {
      "min_perfection_level": "infinite",
      "quantum_enhanced": true,
      "zero_defects": true
    },
    "timestamp": "2025-12-17T03:42:15.110411"
  },
  "build.integrity_check": {
    "component": "build.integrity_check",
    "config_hash": "b5bea41b6c623f7c09f1bf24dcae58ebab3c0cdd90ad966bc43a45b44867e12b",
    "dependencies": [],
    "environment_constraints": {
      "min_perfection_level": "infinite",
      "quantum_enhanced": true,
      "zero_defects": true
    },
    "timestamp": "2025-12-17T03:42:15.118905"
  },
  "deployment.atomicity": {
    "component": "deployment.atomicity",
    "config_hash": "b5bea41b6c623f7c09f1bf24dcae58ebab3c0cdd90ad966bc43a45b44867e12b",
    "dependencies": [],
    "environment_constraints": {
      "min_perfection_level": "infinite",
      "quantum_enhanced": true,
      "zero_defects": true
    },
    "timestamp": "2025-12-17T03:42:15.128810"
  },
  "deployment.rollback_capability": {
    "component": "deployment.rollback_capability",
    "config_hash": "b5bea41b6c623f7c09f1bf24dcae58ebab3c0cdd90ad966bc43a45b44867e12b",
    "dependencies": [],
    "environment_constraints": {
      "min_perfection_level": "infinite",
      "quantum_enhanced": true,
      "zero_defects": true
    },
    "timestamp": "2025-12-17T03:42:15.138344"
  },
  "deployment.zero_downtime": {
    "component": "deployment.zero_downtime",
    "config_hash": "b5bea41b6c623f7c09f1bf24dcae58ebab3c0cdd90ad966bc43a45b44867e12b",
    "dependencies": [],
    "environment_constraints": {
      "min_perfection_level": "infinite",
      "quantum_enhanced": true,
      "zero_defects": true
    },
    "timestamp": "2025-12-17T03:42:15.144507"
  },
  "infrastructure.docker.version": {
    "component": "infrastructure.docker.version",
    "config_hash": "9dffff97b5690b91f68cbc86e426c8217a00fbc4bdcb82537609da5fde2c507b",
    "dependencies": [],
    "environment_constraints": {
      "min_perfection_level": "infinite",
      "quantum_enhanced": true,
      "zero_defects": true
    },
    "timestamp": "2025-12-17T04:25:11.911688"
  },
  "infrastructure.backend.build_context": {
    "component": "infrastructure.backend.build_context",
    "config_hash": "448c965bd8db6b62f78887e4131c933146c87aac0b99be2fd5c645a695392b3b",
    "dependencies": [],
    "environment_constraints": {
      "min_perfection_level": "infinite",
      "quantum_enhanced": true,
      "zero_defects": true
    },
    "timestamp": "2025-12-17T04:25:11.917162"
  },
  "infrastructure.backend.container_name": {
    "component": "infrastructure.backend.container_name",
    "config_hash": "a099e37713eb236cd4b032d6afcf8fe3fbf4f24bb3e37751f4a7d48f7462666d",
    "dependencies": [],
    "environment_constraints": {
      "min_perfection_level": "infinite",
      "quantum_enhanced": true,
      "zero_defects": true
    },
    "timestamp": "2025-12-17T04:25:11.922222"
  },
  "infrastructure.backend.port_mapping": {
    "component": "infrastructure.backend.port_mapping",
    "config_hash": "12f61a37fbc85baebf0f97abb4159f91c16046fb84512e25e6ba1a9c4cc56e68",
    "dependencies": [],
    "environment_constraints": {
      "min_perfection_level": "infinite",
      "quantum_enhanced": true,
      "zero_defects": true
    },
    "timestamp": "2025-12-17T04:25:11.927235"
  },
  "infrastructure.backend.database_url": {
    "component": "infrastructure.backend.database_url",
    "config_hash": "586b35126dc31e68cdcc7f55a74c4bacc3a800a010ce56d925ed299cd7e78eb5",
    "dependencies": [],
    "environment_constraints": {
      "min_perfection_level": "infinite",
      "quantum_enhanced": true,
      "zero_defects": true
    },
    "timestamp": "2025-12-17T04:25:11.934213"
  },
  "infrastructure.backend.redis_url": {
    "component": "infrastructure.backend.redis_url",
    "config_hash": "f3080bd4d4c66a131cf6cf0a0e5e24b129360930228c0a05ecebc1fdcd330401",
    "dependencies": [],
    "environment_constraints": {
      "min_perfection_level": "infinite",
      "quantum_enhanced": true,
      "zero_defects": true
    },
    "timestamp": "2025-12-17T04:25:11.944427"
  },
  "infrastructure.backend.environment": {
    "component": "infrastructure.backend.environment",
    "config_hash": "cdd045107527a60fcf58a287a29c03695dab735806998a565da4353b66fe0d95",
    "dependencies": [],
    "environment_constraints": {
      "min_perfection_level": "infinite",
      "quantum_enhanced": true,
      "zero_defects": true
    },
    "timestamp": "2025-12-17T04:25:11.950226"
  },
  "infrastructure.backend.debug": {
    "component": "infrastructure.backend.debug",
    "config_hash": "b5bea41b6c623f7c09f1bf24dcae58ebab3c0cdd90ad966bc43a45b44867e12b",
    "dependencies": [],
    "environment_constraints": {
      "min_perfection_level": "infinite",
      "quantum_enhanced": true,
      "zero_defects": true
    },
    "timestamp": "2025-12-17T04:25:11.963901"
  },
  "infrastructure.backend.jwt_secret": {
    "component": "infrastructure.backend.jwt_secret",
    "config_hash": "d3a7c4de49a77d2a1310a7d47b9b10cb851c61ffe586e36b13408508061081fd",
    "dependencies": [],
    "environment_constraints": {
      "min_perfection_level": "infinite",
      "quantum_enhanced": true,
      "zero_defects": true
    },
    "timestamp": "2025-12-17T04:25:11.969293"
  },
  "infrastructure.backend.encryption_key": {
    "component": "infrastructure.backend.encryption_key",
    "config_hash": "62e7427b56de1aec4682588b1f097e5d7b2ea5c98f62ffde18285f7380c8963c",
    "dependencies": [],
    "environment_constraints": {
      "min_perfection_level": "infinite",
      "quantum_enhanced": true,
      "zero_defects": true
    },
    "timestamp": "2025-12-17T04:25:11.977366"
  },
  "infrastructure.backend.volume_mapping": {
    "component": "infrastructure.backend.volume_mapping",
    "config_hash": "89f6e4bc3724b4c21222c871b08ae8d91bfe37cc9ef7cd2f2faa6657163fcd49",
    "dependencies": [],
    "environment_constraints": {
      "min_perfection_level": "infinite",
      "quantum_enhanced": true,
      "zero_defects": true
    },
    "timestamp": "2025-12-17T04:25:11.982651"
  },
  "infrastructure.backend.command": {
    "component": "infrastructure.backend.command",
    "config_hash": "1f589d0ba51f576b6ee75c401cd45398ee074b298307ea87b9f4ea59ed2e3e4f",
    "dependencies": [],
    "environment_constraints": {
      "min_perfection_level": "infinite",
      "quantum_enhanced": true,
      "zero_defects": true
    },
    "timestamp": "2025-12-17T04:25:12.005032"
  },
  "infrastructure.backend.healthcheck": {
    "component": "infrastructure.backend.healthcheck",
    "config_hash": "41bd9773f7a3fdb9495892173582d69e5e988dd6581065ac2875704f99c0281b",
    "dependencies": [],
    "environment_constraints": {
      "min_perfection_level": "infinite",
      "quantum_enhanced": true,
      "zero_defects": true
    },
    "timestamp": "2025-12-17T04:25:12.012065"
  },
  "infrastructure.backend.healthcheck_interval": {
    "component": "infrastructure.backend.healthcheck_interval",
    "config_hash": "a47a1b0d7530577929a00d36d85973701696ad81a46381030141cdc4475d5534",
    "dependencies": [],
    "environment_constraints": {
      "min_perfection_level": "infinite",
      "quantum_enhanced": true,
      "zero_defects": true
    },
    "timestamp": "2025-12-17T04:25:12.018483"
  },
  "infrastructure.backend.healthcheck_timeout": {
    "component": "infrastructure.backend.healthcheck_timeout",
    "config_hash": "01f0a2afd4a2a9ac79c1d594dd20d37e4fa29a991ddccdee703894684e8de541",
    "dependencies": [],
    "environment_constraints": {
      "min_perfection_level": "infinite",
      "quantum_enhanced": true,
      "zero_defects": true
    },
    "timestamp": "2025-12-17T04:25:12.024243"
  },
  "infrastructure.backend.healthcheck_retries": {
    "component": "infrastructure.backend.healthcheck_retries",
    "config_hash": "4e07408562bedb8b60ce05c1decfe3ad16b72230967de01f640b7e4729b49fce",
    "dependencies": [],
    "environment_constraints": {
      "min_perfection_level": "infinite",
      "quantum_enhanced": true,
      "zero_defects": true
    },
    "timestamp": "2025-12-17T04:25:12.030630"
  },
  "infrastructure.frontend.build_context": {
    "component": "infrastructure.frontend.build_context",
    "config_hash": "633ef5e083636f832e636f575d6279a9aeacadc837b83cc3db6a5d894cf73915",
    "dependencies": [],
    "environment_constraints": {
      "min_perfection_level": "infinite",
      "quantum_enhanced": true,
      "zero_defects": true
    },
    "timestamp": "2025-12-17T04:25:12.037332"
  },
  "infrastructure.frontend.container_name": {
    "component": "infrastructure.frontend.container_name",
    "config_hash": "23e81dd3144cd35c537ba32307b14516188be062176009b6eeb9ae369410d785",
    "dependencies": [],
    "environment_constraints": {
      "min_perfection_level": "infinite",
      "quantum_enhanced": true,
      "zero_defects": true
    },
    "timestamp": "2025-12-17T04:25:12.044739"
  },
  "infrastructure.frontend.port_mapping": {
    "component": "infrastructure.frontend.port_mapping",
    "config_hash": "4fc1e5d753f2d1709652155a05412d533fd37fa0569acb1834bd3becf7a2d43d",
    "dependencies": [],
    "environment_constraints": {
      "min_perfection_level": "infinite",
      "quantum_enhanced": true,
      "zero_defects": true
    },
    "timestamp": "2025-12-17T04:25:12.051776"
  },
  "infrastructure.frontend.api_url": {
    "component": "infrastructure.frontend.api_url",
    "config_hash": "8e52dd19a9db0034cd477fd9d66bf581a0ee2f824bfdcd95f4ee0a23c8201b77",
    "dependencies": [],
    "environment_constraints": {
      "min_perfection_level": "infinite",
      "quantum_enhanced": true,
      "zero_defects": true
    },
    "timestamp": "2025-12-17T04:25:12.058478"
  },
  "infrastructure.redis.image": {
    "component": "infrastructure.redis.image",
    "config_hash": "a7ad95530e0444f49f1d7e7e0e64696d4c96b98fe5aad1f4ad8b0d41d1392a21",
    "dependencies": [],
    "environment_constraints": {
      "min_perfection_level": "infinite",
      "quantum_enhanced": true,
      "zero_defects": true
    },
    "timestamp": "2025-12-17T04:25:12.064860"
  },
  "infrastructure.redis.container_name": {
    "component": "infrastructure.redis.container_name",
    "config_hash": "ce88f28d7b625dec3ef6255da9c7c5581f55aac20678c9ca176ac57898df757b",
    "dependencies": [],
    "environment_constraints": {
      "min_perfection_level": "infinite",
      "quantum_enhanced": true,
      "zero_defects": true
    },
    "timestamp": "2025-12-17T04:25:12.071654"
  },
  "infrastructure.redis.port_mapping": {
    "component": "infrastructure.redis.port_mapping",
    "config_hash": "0f75411ddb10d03f5d35edbf6a5eb32c5e76c27f196aee79e42976249af4b177",
    "dependencies": [],
    "environment_constraints": {
      "min_perfection_level": "infinite",
      "quantum_enhanced": true,
      "zero_defects": true
    },
    "timestamp": "2025-12-17T04:25:12.078050"
  },
  "infrastructure.redis.command": {
    "component": "infrastructure.redis.command",
    "config_hash": "3d25e648323dd01b3c4db0066f3ec26c4948f4ee67052074d0d7342a16b59854",
    "dependencies": [],
    "environment_constraints": {
      "min_perfection_level": "infinite",
      "quantum_enhanced": true,
      "zero_defects": true
    },
    "timestamp": "2025-12-17T04:25:12.084036"
  },
  "infrastructure.volumes.backend_data.driver": {
    "component": "infrastructure.volumes.backend_data.driver",
    "config_hash": "ea17e25c6c7aa6ef9407f976a670e87e37bc7e2a86b7bd4a3305bb16f1ba6052",
    "dependencies": [],
    "environment_constraints": {
      "min_perfection_level": "infinite",
      "quantum_enhanced": true,
      "zero_defects": true
    },
    "timestamp": "2025-12-17T04:25:12.090541"
  },
  "infrastructure.volumes.redis_data.driver": {
    "component": "infrastructure.volumes.redis_data.driver",
    "config_hash": "ea17e25c6c7aa6ef9407f976a670e87e37bc7e2a86b7bd4a3305bb16f1ba6052",
    "dependencies": [],
    "environment_constraints": {
      "min_perfection_level": "infinite",
      "quantum_enhanced": true,
      "zero_defects": true
    },
    "timestamp": "2025-12-17T04:25:12.097547"
  },
  "infrastructure.volumes.monitoring_data.driver": {
    "component": "infrastructure.volumes.monitoring_data.driver",
    "config_hash": "ea17e25c6c7aa6ef9407f976a670e87e37bc7e2a86b7bd4a3305bb16f1ba6052",
    "dependencies": [],
    "environment_constraints": {
      "min_perfection_level": "infinite",
      "quantum_enhanced": true,
      "zero_defects": true
    },
    "timestamp": "2025-12-17T04:25:12.114463"
  },
  "infrastructure.networks.fraud_network.driver": {
    "component": "infrastructure.networks.fraud_network.driver",
    "config_hash": "5b3f874c3d2c344d9a45aec64a3c65ea31800a7eefa4b22d072d9f3e7b613beb",
    "dependencies": [],
    "environment_constraints": {
      "min_perfection_level": "infinite",
      "quantum_enhanced": true,
      "zero_defects": true
    },
    "timestamp": "2025-12-17T04:25:12.125198"
  },
  "infrastructure.networks.fraud_network.subnet": {
    "component": "infrastructure.networks.fraud_network.subnet",
    "config_hash": "1eb493a232d7053b283579005954be9566bae4e3c93751d9f1b30ee03d07aa06",
    "dependencies": [],
    "environment_constraints": {
      "min_perfection_level": "infinite",
      "quantum_enhanced": true,
      "zero_defects": true
    },
    "timestamp": "2025-12-17T04:25:12.136801"
  },
  "kubernetes.backend.name": {
    "component": "kubernetes.backend.name",
    "config_hash": "a099e37713eb236cd4b032d6afcf8fe3fbf4f24bb3e37751f4a7d48f7462666d",
    "dependencies": [],
    "environment_constraints": {
      "min_perfection_level": "infinite",
      "quantum_enhanced": true,
      "zero_defects": true
    },
    "timestamp": "2025-12-17T04:25:12.146110"
  },
  "kubernetes.namespace": {
    "component": "kubernetes.namespace",
    "config_hash": "4c9d11c37929049a4664da29e2ff320b9c62d01d7bea8f407ad00c1a3ae2a8e9",
    "dependencies": [],
    "environment_constraints": {
      "min_perfection_level": "infinite",
      "quantum_enhanced": true,
      "zero_defects": true
    },
    "timestamp": "2025-12-17T04:25:12.156058"
  },
  "kubernetes.backend.replicas": {
    "component": "kubernetes.backend.replicas",
    "config_hash": "4e07408562bedb8b60ce05c1decfe3ad16b72230967de01f640b7e4729b49fce",
    "dependencies": [],
    "environment_constraints": {
      "min_perfection_level": "infinite",
      "quantum_enhanced": true,
      "zero_defects": true
    },
    "timestamp": "2025-12-17T04:25:12.162506"
  },
  "kubernetes.backend.image": {
    "component": "kubernetes.backend.image",
    "config_hash": "18ff723b93cf08baa2cd4ec41799086d4cd058d682c342f77ebf3ab3ca126801",
    "dependencies": [],
    "environment_constraints": {
      "min_perfection_level": "infinite",
      "quantum_enhanced": true,
      "zero_defects": true
    },
    "timestamp": "2025-12-17T04:25:12.170378"
  },
  "kubernetes.backend.port": {
    "component": "kubernetes.backend.port",
    "config_hash": "ad5f9478d603fe97eae2bbff07f76fe7f18610343b5f3bc8e00945ee51b30d2c",
    "dependencies": [],
    "environment_constraints": {
      "min_perfection_level": "infinite",
      "quantum_enhanced": true,
      "zero_defects": true
    },
    "timestamp": "2025-12-17T04:25:12.178005"
  },
  "kubernetes.backend.cpu_request": {
    "component": "kubernetes.backend.cpu_request",
    "config_hash": "bdab4774e490f97a6a5719d97ddada4485d33398b68af3a4037f70506c2c7a93",
    "dependencies": [],
    "environment_constraints": {
      "min_perfection_level": "infinite",
      "quantum_enhanced": true,
      "zero_defects": true
    },
    "timestamp": "2025-12-17T04:25:12.185640"
  },
  "kubernetes.backend.memory_request": {
    "component": "kubernetes.backend.memory_request",
    "config_hash": "e3011aa0bfa33bc017412af0792114086560e6ef2f3ba9b60bbaf82ad004617f",
    "dependencies": [],
    "environment_constraints": {
      "min_perfection_level": "infinite",
      "quantum_enhanced": true,
      "zero_defects": true
    },
    "timestamp": "2025-12-17T04:25:12.192592"
  },
  "kubernetes.backend.cpu_limit": {
    "component": "kubernetes.backend.cpu_limit",
    "config_hash": "7ee03991e8dcc786de494d8b7ddeb44e28d234389c273bb640f0399bc056e314",
    "dependencies": [],
    "environment_constraints": {
      "min_perfection_level": "infinite",
      "quantum_enhanced": true,
      "zero_defects": true
    },
    "timestamp": "2025-12-17T04:25:12.200396"
  },
  "kubernetes.backend.memory_limit": {
    "component": "kubernetes.backend.memory_limit",
    "config_hash": "067f054ab12b2bd8a8495e7204ed6f3bff2f9675010f84a7d2983f66a3897d93",
    "dependencies": [],
    "environment_constraints": {
      "min_perfection_level": "infinite",
      "quantum_enhanced": true,
      "zero_defects": true
    },
    "timestamp": "2025-12-17T04:25:12.208198"
  },
  "infrastructure.terraform.version": {
    "component": "infrastructure.terraform.version",
    "config_hash": "a83e43514075968eb8362b6ce27cf5f8220989c6246da09ebcb096f7ae62f744",
    "dependencies": [],
    "environment_constraints": {
      "min_perfection_level": "infinite",
      "quantum_enhanced": true,
      "zero_defects": true
    },
    "timestamp": "2025-12-17T04:25:12.240765"
  },
  "infrastructure.terraform.aws_provider_version": {
    "component": "infrastructure.terraform.aws_provider_version",
    "config_hash": "93e3efe745badae7cffe61bd013ce7948026d2538f6812fe6840e8cfb94cac60",
    "dependencies": [],
    "environment_constraints": {
      "min_perfection_level": "infinite",
      "quantum_enhanced": true,
      "zero_defects": true
    },
    "timestamp": "2025-12-17T04:25:12.250878"
  },
  "infrastructure.aws.region": {
    "component": "infrastructure.aws.region",
    "config_hash": "57fc100527546ef06a91ff1e3c01bd7ab0c0ddca4f2847cccf998689957783c5",
    "dependencies": [],
    "environment_constraints": {
      "min_perfection_level": "infinite",
      "quantum_enhanced": true,
      "zero_defects": true
    },
    "timestamp": "2025-12-17T04:25:12.259331"
  },
  "infrastructure.vpc.cidr_block": {
    "component": "infrastructure.vpc.cidr_block",
    "config_hash": "bb550a8a72fa9f675164b7815febb65e5c72291fbc43dd458afd6392242553cd",
    "dependencies": [],
    "environment_constraints": {
      "min_perfection_level": "infinite",
      "quantum_enhanced": true,
      "zero_defects": true
    },
    "timestamp": "2025-12-17T04:25:12.268100"
  },
  "infrastructure.vpc.dns_hostnames": {
    "component": "infrastructure.vpc.dns_hostnames",
    "config_hash": "b5bea41b6c623f7c09f1bf24dcae58ebab3c0cdd90ad966bc43a45b44867e12b",
    "dependencies": [],
    "environment_constraints": {
      "min_perfection_level": "infinite",
      "quantum_enhanced": true,
      "zero_defects": true
    },
    "timestamp": "2025-12-17T04:25:12.275178"
  },
  "infrastructure.vpc.dns_support": {
    "component": "infrastructure.vpc.dns_support",
    "config_hash": "b5bea41b6c623f7c09f1bf24dcae58ebab3c0cdd90ad966bc43a45b44867e12b",
    "dependencies": [],
    "environment_constraints": {
      "min_perfection_level": "infinite",
      "quantum_enhanced": true,
      "zero_defects": true
    },
    "timestamp": "2025-12-17T04:25:12.282604"
  },
  "infrastructure.environment": {
    "component": "infrastructure.environment",
    "config_hash": "80be2eb0944c0453a6ad339a56e1c8f39f8cc57a4e627758246ccfd274176fd8",
    "dependencies": [],
    "environment_constraints": {
      "min_perfection_level": "infinite",
      "quantum_enhanced": true,
      "zero_defects": true
    },
    "timestamp": "2025-12-17T04:25:12.289362"
  },
  "infrastructure.ecs.cluster_name": {
    "component": "infrastructure.ecs.cluster_name",
    "config_hash": "8e5ba886a1e6a6d87e3d32b7b099879134d6457288abbf0d6ad1fb12f1a25352",
    "dependencies": [],
    "environment_constraints": {
      "min_perfection_level": "infinite",
      "quantum_enhanced": true,
      "zero_defects": true
    },
    "timestamp": "2025-12-17T04:25:12.296593"
  },
  "infrastructure.rds.identifier": {
    "component": "infrastructure.rds.identifier",
    "config_hash": "3e0b595999cc99f597cc60ae6fd319afe051a1369a3631a3849ef9bd43fa8c01",
    "dependencies": [],
    "environment_constraints": {
      "min_perfection_level": "infinite",
      "quantum_enhanced": true,
      "zero_defects": true
    },
    "timestamp": "2025-12-17T04:25:12.305472"
  },
  "infrastructure.rds.engine": {
    "component": "infrastructure.rds.engine",
    "config_hash": "264c0424e4bd463a7d02b9db6896143e1a96cd1c52511119f839d2bc9c934241",
    "dependencies": [],
    "environment_constraints": {
      "min_perfection_level": "infinite",
      "quantum_enhanced": true,
      "zero_defects": true
    },
    "timestamp": "2025-12-17T04:25:12.313084"
  },
  "infrastructure.rds.engine_version": {
    "component": "infrastructure.rds.engine_version",
    "config_hash": "b8bee1c8fa411e41298cf979ac5ebe2d12493d445d8bc45403c3816085e453b2",
    "dependencies": [],
    "environment_constraints": {
      "min_perfection_level": "infinite",
      "quantum_enhanced": true,
      "zero_defects": true
    },
    "timestamp": "2025-12-17T04:25:12.320863"
  },
  "infrastructure.rds.instance_class": {
    "component": "infrastructure.rds.instance_class",
    "config_hash": "f17c5579a8f16d0c3ebb2d901c081ccfbb9d96a1685431ddf014d70d1a604149",
    "dependencies": [],
    "environment_constraints": {
      "min_perfection_level": "infinite",
      "quantum_enhanced": true,
      "zero_defects": true
    },
    "timestamp": "2025-12-17T04:25:12.329141"
  },
  "infrastructure.rds.allocated_storage": {
    "component": "infrastructure.rds.allocated_storage",
    "config_hash": "f5ca38f748a1d6eaf726b8a42fb575c3c71f1864a8143301782de13da2d9202b",
    "dependencies": [],
    "environment_constraints": {
      "min_perfection_level": "infinite",
      "quantum_enhanced": true,
      "zero_defects": true
    },
    "timestamp": "2025-12-17T04:25:12.337421"
  },
  "infrastructure.rds.db_name": {
    "component": "infrastructure.rds.db_name",
    "config_hash": "135abfcf7ff1b6094174e827f5c75c725a394c7e5dd459b762fbca72914f0aa4",
    "dependencies": [],
    "environment_constraints": {
      "min_perfection_level": "infinite",
      "quantum_enhanced": true,
      "zero_defects": true
    },
    "timestamp": "2025-12-17T04:25:12.345165"
  },
  "infrastructure.rds.username": {
    "component": "infrastructure.rds.username",
    "config_hash": "81a7e6c31056ec8603beffa574102505abd195279a04e236ba567fef74d87ab0",
    "dependencies": [],
    "environment_constraints": {
      "min_perfection_level": "infinite",
      "quantum_enhanced": true,
      "zero_defects": true
    },
    "timestamp": "2025-12-17T04:25:12.352650"
  },
  "infrastructure.rds.skip_final_snapshot": {
    "component": "infrastructure.rds.skip_final_snapshot",
    "config_hash": "b5bea41b6c623f7c09f1bf24dcae58ebab3c0cdd90ad966bc43a45b44867e12b",
    "dependencies": [],
    "environment_constraints": {
      "min_perfection_level": "infinite",
      "quantum_enhanced": true,
      "zero_defects": true
    },
    "timestamp": "2025-12-17T04:25:12.397818"
  },
  "monitoring.prometheus.scrape_interval": {
    "component": "monitoring.prometheus.scrape_interval",
    "config_hash": "12b48494ea4cf7fb60cfa8fe72c2c3a23d13a5d4ae1bdd8a4b480957e7227eb7",
    "dependencies": [],
    "environment_constraints": {
      "min_perfection_level": "infinite",
      "quantum_enhanced": true,
      "zero_defects": true
    },
    "timestamp": "2025-12-17T04:25:12.411340"
  },
  "monitoring.prometheus.evaluation_interval": {
    "component": "monitoring.prometheus.evaluation_interval",
    "config_hash": "12b48494ea4cf7fb60cfa8fe72c2c3a23d13a5d4ae1bdd8a4b480957e7227eb7",
    "dependencies": [],
    "environment_constraints": {
      "min_perfection_level": "infinite",
      "quantum_enhanced": true,
      "zero_defects": true
    },
    "timestamp": "2025-12-17T04:25:12.425379"
  },
  "monitoring.backend.scrape_interval": {
    "component": "monitoring.backend.scrape_interval",
    "config_hash": "89657c8ef1f80246fecbd07eecf0729b149125ac26811a259386909c6b5189ed",
    "dependencies": [],
    "environment_constraints": {
      "min_perfection_level": "infinite",
      "quantum_enhanced": true,
      "zero_defects": true
    },
    "timestamp": "2025-12-17T04:25:12.484525"
  },
  "monitoring.backend.metrics_path": {
    "component": "monitoring.backend.metrics_path",
    "config_hash": "5531cb22508606c3f24d775b141b2380f9beda39da9919938a25e7b8618e3e01",
    "dependencies": [],
    "environment_constraints": {
      "min_perfection_level": "infinite",
      "quantum_enhanced": true,
      "zero_defects": true
    },
    "timestamp": "2025-12-17T04:25:12.494987"
  },
  "monitoring.frontend.scrape_interval": {
    "component": "monitoring.frontend.scrape_interval",
    "config_hash": "a47a1b0d7530577929a00d36d85973701696ad81a46381030141cdc4475d5534",
    "dependencies": [],
    "environment_constraints": {
      "min_perfection_level": "infinite",
      "quantum_enhanced": true,
      "zero_defects": true
    },
    "timestamp": "2025-12-17T04:25:12.503965"
  },
  "monitoring.redis.scrape_interval": {
    "component": "monitoring.redis.scrape_interval",
    "config_hash": "a47a1b0d7530577929a00d36d85973701696ad81a46381030141cdc4475d5534",
    "dependencies": [],
    "environment_constraints": {
      "min_perfection_level": "infinite",
      "quantum_enhanced": true,
      "zero_defects": true
    },
    "timestamp": "2025-12-17T04:25:12.512456"
  },
  "monitoring.ssot.scrape_interval": {
    "component": "monitoring.ssot.scrape_interval",
    "config_hash": "7bca583533bae90959f582c713133bf9e017638e2bb15eb37fc02d9fbde27265",
    "dependencies": [],
    "environment_constraints": {
      "min_perfection_level": "infinite",
      "quantum_enhanced": true,
      "zero_defects": true
    },
    "timestamp": "2025-12-17T04:25:12.520761"
  },
  "infrastructure.monitoring.image": {
    "component": "infrastructure.monitoring.image",
    "config_hash": "3bc342d747cddad784df7f67285a7d98316f901c4c00303db9811f5537e368eb",
    "dependencies": [],
    "environment_constraints": {
      "min_perfection_level": "infinite",
      "quantum_enhanced": true,
      "zero_defects": true
    },
    "timestamp": "2025-12-17T04:25:12.530961"
  },
  "infrastructure.monitoring.container_name": {
    "component": "infrastructure.monitoring.container_name",
    "config_hash": "845d6ad17096120e39ef929498d602c749e12dab27235034b8df0153400af5e3",
    "dependencies": [],
    "environment_constraints": {
      "min_perfection_level": "infinite",
      "quantum_enhanced": true,
      "zero_defects": true
    },
    "timestamp": "2025-12-17T04:25:12.540141"
  },
  "infrastructure.monitoring.command": {
    "component": "infrastructure.monitoring.command",
    "config_hash": "87bfb4fc40ccb51323ad7419ad8359e66a345cbb23922fcc23716be03d9d7a43",
    "dependencies": [],
    "environment_constraints": {
      "min_perfection_level": "infinite",
      "quantum_enhanced": true,
      "zero_defects": true
    },
    "timestamp": "2025-12-17T04:25:12.547973"
  }
}