{
  "system.perfection_level": {
    "component": "system.perfection_level",
    "config_hash": "4a7a548a25543b60b37dbfb0cca0e540d1f51bcb310e00b66f886f264284e6b7",
    "dependencies": [],
    "environment_constraints": {
      "min_perfection_level": "infinite",
      "quantum_enhanced": true,
      "zero_defects": true
    },
    "timestamp": "2025-12-17T03:42:14.047253"
  },
  "system.zero_defects": {
    "component": "system.zero_defects",
    "config_hash": "b5bea41b6c623f7c09f1bf24dcae58ebab3c0cdd90ad966bc43a45b44867e12b",
    "dependencies": [],
    "environment_constraints": {
      "min_perfection_level": "infinite",
      "quantum_enhanced": true,
      "zero_defects": true
    },
    "timestamp": "2025-12-17T03:42:14.110331"
  },
  "system.quantum_enhanced": {
    "component": "system.quantum_enhanced",
    "config_hash": "b5bea41b6c623f7c09f1bf24dcae58ebab3c0cdd90ad966bc43a45b44867e12b",
    "dependencies": [],
    "environment_constraints": {
      "min_perfection_level": "infinite",
      "quantum_enhanced": true,
      "zero_defects": true
    },
    "timestamp": "2025-12-17T03:42:14.114335"
  },
  "system.self_optimizing": {
    "component": "system.self_optimizing",
    "config_hash": "b5bea41b6c623f7c09f1bf24dcae58ebab3c0cdd90ad966bc43a45b44867e12b",
    "dependencies": [],
    "environment_constraints": {
      "min_perfection_level": "infinite",
      "quantum_enhanced": true,
      "zero_defects": true
    },
    "timestamp": "2025-12-17T03:42:14.128900"
  },
  "risk.tolerance": {
    "component": "risk.tolerance",
    "config_hash": "8aed642bf5118b9d3c859bd4be35ecac75b6e873cce34e7b6f554b06f75550d7",
    "dependencies": [],
    "environment_constraints": {
      "min_perfection_level": "infinite",
      "quantum_enhanced": true,
      "zero_defects": true
    },
    "timestamp": "2025-12-17T03:42:14.862472"
  },
  "risk.prediction_accuracy": {
    "component": "risk.prediction_accuracy",
    "config_hash": "d0ff5974b6aa52cf562bea5921840c032a860a91a3512f7fe8f768f6bbe005f6",
    "dependencies": [],
    "environment_constraints": {
      "min_perfection_level": "infinite",
      "quantum_enhanced": true,
      "zero_defects": true
    },
    "timestamp": "2025-12-17T03:42:14.872307"
  },
  "risk.mitigation_speed": {
    "component": "risk.mitigation_speed",
    "config_hash": "cb070af27365583d374e26fb4fb68e7785bc3d867f523c81e0a8fb3153a650a8",
    "dependencies": [],
    "environment_constraints": {
      "min_perfection_level": "infinite",
      "quantum_enhanced": true,
      "zero_defects": true
    },
    "timestamp": "2025-12-17T03:42:14.156884"
  },
  "innovation.velocity": {
    "component": "innovation.velocity",
    "config_hash": "4a7a548a25543b60b37dbfb0cca0e540d1f51bcb310e00b66f886f264284e6b7",
    "dependencies": [],
    "environment_constraints": {
      "min_perfection_level": "infinite",
      "quantum_enhanced": true,
      "zero_defects": true
    },
    "timestamp": "2025-12-17T03:42:14.777841"
  },
  "innovation.experimentation_capacity": {
    "component": "innovation.experimentation_capacity",
    "config_hash": "4a7a548a25543b60b37dbfb0cca0e540d1f51bcb310e00b66f886f264284e6b7",
    "dependencies": [],
    "environment_constraints": {
      "min_perfection_level": "infinite",
      "quantum_enhanced": true,
      "zero_defects": true
    },
    "timestamp": "2025-12-17T03:42:14.791974"
  },
  "innovation.success_rate": {
    "component": "innovation.success_rate",
    "config_hash": "d0ff5974b6aa52cf562bea5921840c032a860a91a3512f7fe8f768f6bbe005f6",
    "dependencies": [],
    "environment_constraints": {
      "min_perfection_level": "infinite",
      "quantum_enhanced": true,
      "zero_defects": true
    },
    "timestamp": "2025-12-17T03:42:14.805103"
  },
  "performance.response_time": {
    "component": "performance.response_time",
    "config_hash": "8aed642bf5118b9d3c859bd4be35ecac75b6e873cce34e7b6f554b06f75550d7",
    "dependencies": [],
    "environment_constraints": {
      "min_perfection_level": "infinite",
      "quantum_enhanced": true,
      "zero_defects": true
    },
    "timestamp": "2025-12-17T03:42:14.179514"
  },
  "performance.throughput": {
    "component": "performance.throughput",
    "config_hash": "4a7a548a25543b60b37dbfb0cca0e540d1f51bcb310e00b66f886f264284e6b7",
    "dependencies": [],
    "environment_constraints": {
      "min_perfection_level": "infinite",
      "quantum_enhanced": true,
      "zero_defects": true
    },
    "timestamp": "2025-12-17T03:42:14.185738"
  },
  "performance.efficiency": {
    "component": "performance.efficiency",
    "config_hash": "d0ff5974b6aa52cf562bea5921840c032a860a91a3512f7fe8f768f6bbe005f6",
    "dependencies": [],
    "environment_constraints": {
      "min_perfection_level": "infinite",
      "quantum_enhanced": true,
      "zero_defects": true
    },
    "timestamp": "2025-12-17T03:42:14.192871"
  },
  "security.vulnerabilities": {
    "component": "security.vulnerabilities",
    "config_hash": "5feceb66ffc86f38d952786c6d696c79c2dbc239dd4e91b46729d73a27fb57e9",
    "dependencies": [],
    "environment_constraints": {
      "min_perfection_level": "infinite",
      "quantum_enhanced": true,
      "zero_defects": true
    },
    "timestamp": "2025-12-17T03:42:14.196823"
  },
  "security.encryption_level": {
    "component": "security.encryption_level",
    "config_hash": "a9240202163e477c57659ed568eddb9908e8016b3f05054955b11188f0d2344d",
    "dependencies": [],
    "environment_constraints": {
      "min_perfection_level": "infinite",
      "quantum_enhanced": true,
      "zero_defects": true
    },
    "timestamp": "2025-12-17T03:42:14.331517"
  },
  "security.threat_detection": {
    "component": "security.threat_detection",
    "config_hash": "556d8d0298ef68ad5024aaca92520576fcfc691b750e8701f1db1e6b650829b7",
    "dependencies": [],
    "environment_constraints": {
      "min_perfection_level": "infinite",
      "quantum_enhanced": true,
      "zero_defects": true
    },
    "timestamp": "2025-12-17T03:42:14.343686"
  },
  "sustainability.impact": {
    "component": "sustainability.impact",
    "config_hash": "8aed642bf5118b9d3c859bd4be35ecac75b6e873cce34e7b6f554b06f75550d7",
    "dependencies": [],
    "environment_constraints": {
      "min_perfection_level": "infinite",
      "quantum_enhanced": true,
      "zero_defects": true
    },
    "timestamp": "2025-12-17T03:42:14.352872"
  },
  "scalability.limit": {
    "component": "scalability.limit",
    "config_hash": "4a7a548a25543b60b37dbfb0cca0e540d1f51bcb310e00b66f886f264284e6b7",
    "dependencies": [],
    "environment_constraints": {
      "min_perfection_level": "infinite",
      "quantum_enhanced": true,
      "zero_defects": true
    },
    "timestamp": "2025-12-17T03:42:14.360707"
  },
  "reliability.uptime": {
    "component": "reliability.uptime",
    "config_hash": "d0ff5974b6aa52cf562bea5921840c032a860a91a3512f7fe8f768f6bbe005f6",
    "dependencies": [],
    "environment_constraints": {
      "min_perfection_level": "infinite",
      "quantum_enhanced": true,
      "zero_defects": true
    },
    "timestamp": "2025-12-17T03:42:14.366935"
  },
  "compliance.adherence": {
    "component": "compliance.adherence",
    "config_hash": "d0ff5974b6aa52cf562bea5921840c032a860a91a3512f7fe8f768f6bbe005f6",
    "dependencies": [],
    "environment_constraints": {
      "min_perfection_level": "infinite",
      "quantum_enhanced": true,
      "zero_defects": true
    },
    "timestamp": "2025-12-17T03:42:14.375356"
  },
  "monitoring.coverage": {
    "component": "monitoring.coverage",
    "config_hash": "d0ff5974b6aa52cf562bea5921840c032a860a91a3512f7fe8f768f6bbe005f6",
    "dependencies": [],
    "environment_constraints": {
      "min_perfection_level": "infinite",
      "quantum_enhanced": true,
      "zero_defects": true
    },
    "timestamp": "2025-12-17T03:42:14.380751"
  },
  "automation.level": {
    "component": "automation.level",
    "config_hash": "d0ff5974b6aa52cf562bea5921840c032a860a91a3512f7fe8f768f6bbe005f6",
    "dependencies": [],
    "environment_constraints": {
      "min_perfection_level": "infinite",
      "quantum_enhanced": true,
      "zero_defects": true
    },
    "timestamp": "2025-12-17T03:42:14.388396"
  },
  "architecture.perfection": {
    "component": "architecture.perfection",
    "config_hash": "d0ff5974b6aa52cf562bea5921840c032a860a91a3512f7fe8f768f6bbe005f6",
    "dependencies": [],
    "environment_constraints": {
      "min_perfection_level": "infinite",
      "quantum_enhanced": true,
      "zero_defects": true
    },
    "timestamp": "2025-12-17T03:42:14.395468"
  },
  "code_quality.defects": {
    "component": "code_quality.defects",
    "config_hash": "5feceb66ffc86f38d952786c6d696c79c2dbc239dd4e91b46729d73a27fb57e9",
    "dependencies": [],
    "environment_constraints": {
      "min_perfection_level": "infinite",
      "quantum_enhanced": true,
      "zero_defects": true
    },
    "timestamp": "2025-12-17T03:42:14.400530"
  },
  "business_alignment.perfection": {
    "component": "business_alignment.perfection",
    "config_hash": "d0ff5974b6aa52cf562bea5921840c032a860a91a3512f7fe8f768f6bbe005f6",
    "dependencies": [],
    "environment_constraints": {
      "min_perfection_level": "infinite",
      "quantum_enhanced": true,
      "zero_defects": true
    },
    "timestamp": "2025-12-17T03:42:14.410669"
  },
  "operational_excellence.score": {
    "component": "operational_excellence.score",
    "config_hash": "d0ff5974b6aa52cf562bea5921840c032a860a91a3512f7fe8f768f6bbe005f6",
    "dependencies": [],
    "environment_constraints": {
      "min_perfection_level": "infinite",
      "quantum_enhanced": true,
      "zero_defects": true
    },
    "timestamp": "2025-12-17T03:42:14.419266"
  },
  "cost_optimization.efficiency": {
    "component": "cost_optimization.efficiency",
    "config_hash": "d0ff5974b6aa52cf562bea5921840c032a860a91a3512f7fe8f768f6bbe005f6",
    "dependencies": [],
    "environment_constraints": {
      "min_perfection_level": "infinite",
      "quantum_enhanced": true,
      "zero_defects": true
    },
    "timestamp": "2025-12-17T03:42:14.427509"
  },
  "competitive_positioning.dominance": {
    "component": "competitive_positioning.dominance",
    "config_hash": "d0ff5974b6aa52cf562bea5921840c032a860a91a3512f7fe8f768f6bbe005f6",
    "dependencies": [],
    "environment_constraints": {
      "min_perfection_level": "infinite",
      "quantum_enhanced": true,
      "zero_defects": true
    },
    "timestamp": "2025-12-17T03:42:14.434420"
  },
  "system.architecture.perfection": {
    "component": "system.architecture.perfection",
    "config_hash": "d0ff5974b6aa52cf562bea5921840c032a860a91a3512f7fe8f768f6bbe005f6",
    "dependencies": [],
    "environment_constraints": {
      "min_perfection_level": "infinite",
      "quantum_enhanced": true,
      "zero_defects": true
    },
    "timestamp": "2025-12-17T03:42:14.441345"
  },
  "system.code_quality.defects": {
    "component": "system.code_quality.defects",
    "config_hash": "5feceb66ffc86f38d952786c6d696c79c2dbc239dd4e91b46729d73a27fb57e9",
    "dependencies": [],
    "environment_constraints": {
      "min_perfection_level": "infinite",
      "quantum_enhanced": true,
      "zero_defects": true
    },
    "timestamp": "2025-12-17T03:42:14.448034"
  },
  "system.security.vulnerabilities": {
    "component": "system.security.vulnerabilities",
    "config_hash": "5feceb66ffc86f38d952786c6d696c79c2dbc239dd4e91b46729d73a27fb57e9",
    "dependencies": [],
    "environment_constraints": {
      "min_perfection_level": "infinite",
      "quantum_enhanced": true,
      "zero_defects": true
    },
    "timestamp": "2025-12-17T03:42:14.595409"
  },
  "system.performance.efficiency": {
    "component": "system.performance.efficiency",
    "config_hash": "d0ff5974b6aa52cf562bea5921840c032a860a91a3512f7fe8f768f6bbe005f6",
    "dependencies": [],
    "environment_constraints": {
      "min_perfection_level": "infinite",
      "quantum_enhanced": true,
      "zero_defects": true
    },
    "timestamp": "2025-12-17T03:42:14.625828"
  },
  "system.reliability.uptime": {
    "component": "system.reliability.uptime",
    "config_hash": "d0ff5974b6aa52cf562bea5921840c032a860a91a3512f7fe8f768f6bbe005f6",
    "dependencies": [],
    "environment_constraints": {
      "min_perfection_level": "infinite",
      "quantum_enhanced": true,
      "zero_defects": true
    },
    "timestamp": "2025-12-17T03:42:14.642312"
  },
  "system.compliance.adherence": {
    "component": "system.compliance.adherence",
    "config_hash": "d0ff5974b6aa52cf562bea5921840c032a860a91a3512f7fe8f768f6bbe005f6",
    "dependencies": [],
    "environment_constraints": {
      "min_perfection_level": "infinite",
      "quantum_enhanced": true,
      "zero_defects": true
    },
    "timestamp": "2025-12-17T03:42:14.658456"
  },
  "system.scalability.limit": {
    "component": "system.scalability.limit",
    "config_hash": "4a7a548a25543b60b37dbfb0cca0e540d1f51bcb310e00b66f886f264284e6b7",
    "dependencies": [],
    "environment_constraints": {
      "min_perfection_level": "infinite",
      "quantum_enhanced": true,
      "zero_defects": true
    },
    "timestamp": "2025-12-17T03:42:14.671007"
  },
  "system.monitoring.coverage": {
    "component": "system.monitoring.coverage",
    "config_hash": "d0ff5974b6aa52cf562bea5921840c032a860a91a3512f7fe8f768f6bbe005f6",
    "dependencies": [],
    "environment_constraints": {
      "min_perfection_level": "infinite",
      "quantum_enhanced": true,
      "zero_defects": true
    },
    "timestamp": "2025-12-17T03:42:14.678108"
  },
  "system.automation.level": {
    "component": "system.automation.level",
    "config_hash": "d0ff5974b6aa52cf562bea5921840c032a860a91a3512f7fe8f768f6bbe005f6",
    "dependencies": [],
    "environment_constraints": {
      "min_perfection_level": "infinite",
      "quantum_enhanced": true,
      "zero_defects": true
    },
    "timestamp": "2025-12-17T03:42:14.692533"
  },
  "business.alignment.perfection": {
    "component": "business.alignment.perfection",
    "config_hash": "d0ff5974b6aa52cf562bea5921840c032a860a91a3512f7fe8f768f6bbe005f6",
    "dependencies": [],
    "environment_constraints": {
      "min_perfection_level": "infinite",
      "quantum_enhanced": true,
      "zero_defects": true
    },
    "timestamp": "2025-12-17T03:42:14.711347"
  },
  "business.operational_excellence.score": {
    "component": "business.operational_excellence.score",
    "config_hash": "d0ff5974b6aa52cf562bea5921840c032a860a91a3512f7fe8f768f6bbe005f6",
    "dependencies": [],
    "environment_constraints": {
      "min_perfection_level": "infinite",
      "quantum_enhanced": true,
      "zero_defects": true
    },
    "timestamp": "2025-12-17T03:42:14.742844"
  },
  "business.cost_optimization.efficiency": {
    "component": "business.cost_optimization.efficiency",
    "config_hash": "d0ff5974b6aa52cf562bea5921840c032a860a91a3512f7fe8f768f6bbe005f6",
    "dependencies": [],
    "environment_constraints": {
      "min_perfection_level": "infinite",
      "quantum_enhanced": true,
      "zero_defects": true
    },
    "timestamp": "2025-12-17T03:42:14.759108"
  },
  "business.sustainability.impact": {
    "component": "business.sustainability.impact",
    "config_hash": "8aed642bf5118b9d3c859bd4be35ecac75b6e873cce34e7b6f554b06f75550d7",
    "dependencies": [],
    "environment_constraints": {
      "min_perfection_level": "infinite",
      "quantum_enhanced": true,
      "zero_defects": true
    },
    "timestamp": "2025-12-17T03:42:14.764000"
  },
  "innovation.readiness.level": {
    "component": "innovation.readiness.level",
    "config_hash": "d0ff5974b6aa52cf562bea5921840c032a860a91a3512f7fe8f768f6bbe005f6",
    "dependencies": [],
    "environment_constraints": {
      "min_perfection_level": "infinite",
      "quantum_enhanced": true,
      "zero_defects": true
    },
    "timestamp": "2025-12-17T03:42:14.812381"
  },
  "competitive.positioning.dominance": {
    "component": "competitive.positioning.dominance",
    "config_hash": "d0ff5974b6aa52cf562bea5921840c032a860a91a3512f7fe8f768f6bbe005f6",
    "dependencies": [],
    "environment_constraints": {
      "min_perfection_level": "infinite",
      "quantum_enhanced": true,
      "zero_defects": true
    },
    "timestamp": "2025-12-17T03:42:14.826334"
  },
  "competitive.innovation.leadership": {
    "component": "competitive.innovation.leadership",
    "config_hash": "4a7a548a25543b60b37dbfb0cca0e540d1f51bcb310e00b66f886f264284e6b7",
    "dependencies": [],
    "environment_constraints": {
      "min_perfection_level": "infinite",
      "quantum_enhanced": true,
      "zero_defects": true
    },
    "timestamp": "2025-12-17T03:42:14.834810"
  },
  "competitive.market.share": {
    "component": "competitive.market.share",
    "config_hash": "d0ff5974b6aa52cf562bea5921840c032a860a91a3512f7fe8f768f6bbe005f6",
    "dependencies": [],
    "environment_constraints": {
      "min_perfection_level": "infinite",
      "quantum_enhanced": true,
      "zero_defects": true
    },
    "timestamp": "2025-12-17T03:42:14.844752"
  },
  "competitive.brand.perfection": {
    "component": "competitive.brand.perfection",
    "config_hash": "d0ff5974b6aa52cf562bea5921840c032a860a91a3512f7fe8f768f6bbe005f6",
    "dependencies": [],
    "environment_constraints": {
      "min_perfection_level": "infinite",
      "quantum_enhanced": true,
      "zero_defects": true
    },
    "timestamp": "2025-12-17T03:42:14.856264"
  },
  "risk.mitigation_effectiveness": {
    "component": "risk.mitigation_effectiveness",
    "config_hash": "d0ff5974b6aa52cf562bea5921840c032a860a91a3512f7fe8f768f6bbe005f6",
    "dependencies": [],
    "environment_constraints": {
      "min_perfection_level": "infinite",
      "quantum_enhanced": true,
      "zero_defects": true
    },
    "timestamp": "2025-12-17T03:42:14.880922"
  },
  "risk.exposure.level": {
    "component": "risk.exposure.level",
    "config_hash": "8aed642bf5118b9d3c859bd4be35ecac75b6e873cce34e7b6f554b06f75550d7",
    "dependencies": [],
    "environment_constraints": {
      "min_perfection_level": "infinite",
      "quantum_enhanced": true,
      "zero_defects": true
    },
    "timestamp": "2025-12-17T03:42:14.891556"
  },
  "dependencies.fraud_detection_core.version": {
    "component": "dependencies.fraud_detection_core.version",
    "config_hash": "369dbcbefbc785d8e4bed7df60e9c70e0fdcefb0d9888d93f26044b1b96fc964",
    "dependencies": [],
    "environment_constraints": {
      "min_perfection_level": "infinite",
      "quantum_enhanced": true,
      "zero_defects": true
    },
    "timestamp": "2025-12-17T03:42:14.899057"
  },
  "dependencies.quantum_ai_engine.version": {
    "component": "dependencies.quantum_ai_engine.version",
    "config_hash": "70b0b96fc33d99b8621e07a313bd926ec276568be62f2c22a9b2cd9a3bc0dc5b",
    "dependencies": [],
    "environment_constraints": {
      "min_perfection_level": "infinite",
      "quantum_enhanced": true,
      "zero_defects": true
    },
    "timestamp": "2025-12-17T03:42:14.909000"
  },
  "dependencies.infinite_scalability.version": {
    "component": "dependencies.infinite_scalability.version",
    "config_hash": "630c8c5ec697b971f51ad76721783e516e13441288eed9b7150d703993256487",
    "dependencies": [],
    "environment_constraints": {
      "min_perfection_level": "infinite",
      "quantum_enhanced": true,
      "zero_defects": true
    },
    "timestamp": "2025-12-17T03:42:14.914341"
  },
  "dependencies.security_framework.version": {
    "component": "dependencies.security_framework.version",
    "config_hash": "4e06e3c9513900465ea2461361ac3c3c6d7cd89257345ff46d82fa7942453efe",
    "dependencies": [],
    "environment_constraints": {
      "min_perfection_level": "infinite",
      "quantum_enhanced": true,
      "zero_defects": true
    },
    "timestamp": "2025-12-17T03:42:14.924397"
  },
  "dependencies.monitoring_system.version": {
    "component": "dependencies.monitoring_system.version",
    "config_hash": "bbc6eb8a0ac1c986ff8feda2d894b75dea5e4634d1f4625fa2254db051616f1d",
    "dependencies": [],
    "environment_constraints": {
      "min_perfection_level": "infinite",
      "quantum_enhanced": true,
      "zero_defects": true
    },
    "timestamp": "2025-12-17T03:42:14.931928"
  },
  "environment.production.perfection_level": {
    "component": "environment.production.perfection_level",
    "config_hash": "4a7a548a25543b60b37dbfb0cca0e540d1f51bcb310e00b66f886f264284e6b7",
    "dependencies": [],
    "environment_constraints": {
      "min_perfection_level": "infinite",
      "quantum_enhanced": true,
      "zero_defects": true
    },
    "timestamp": "2025-12-17T03:42:14.939338"
  },
  "environment.production.security_level": {
    "component": "environment.production.security_level",
    "config_hash": "a9240202163e477c57659ed568eddb9908e8016b3f05054955b11188f0d2344d",
    "dependencies": [],
    "environment_constraints": {
      "min_perfection_level": "infinite",
      "quantum_enhanced": true,
      "zero_defects": true
    },
    "timestamp": "2025-12-17T03:42:14.947109"
  },
  "environment.production.performance_mode": {
    "component": "environment.production.performance_mode",
    "config_hash": "4a7a548a25543b60b37dbfb0cca0e540d1f51bcb310e00b66f886f264284e6b7",
    "dependencies": [],
    "environment_constraints": {
      "min_perfection_level": "infinite",
      "quantum_enhanced": true,
      "zero_defects": true
    },
    "timestamp": "2025-12-17T03:42:15.082406"
  },
  "environment.development.perfection_level": {
    "component": "environment.development.perfection_level",
    "config_hash": "4a7a548a25543b60b37dbfb0cca0e540d1f51bcb310e00b66f886f264284e6b7",
    "dependencies": [],
    "environment_constraints": {
      "min_perfection_level": "infinite",
      "quantum_enhanced": true,
      "zero_defects": true
    },
    "timestamp": "2025-12-17T03:42:15.092202"
  },
  "environment.development.security_level": {
    "component": "environment.development.security_level",
    "config_hash": "a9240202163e477c57659ed568eddb9908e8016b3f05054955b11188f0d2344d",
    "dependencies": [],
    "environment_constraints": {
      "min_perfection_level": "infinite",
      "quantum_enhanced": true,
      "zero_defects": true
    },
    "timestamp": "2025-12-17T03:42:15.097262"
  },
  "build.reproducibility": {
    "component": "build.reproducibility",
    "config_hash": "d0ff5974b6aa52cf562bea5921840c032a860a91a3512f7fe8f768f6bbe005f6",
    "dependencies": [],
    "environment_constraints": {
      "min_perfection_level": "infinite",
      "quantum_enhanced": true,
      "zero_defects": true
    },
    "timestamp": "2025-12-17T03:42:15.110411"
  },
  "build.integrity_check": {
    "component": "build.integrity_check",
    "config_hash": "b5bea41b6c623f7c09f1bf24dcae58ebab3c0cdd90ad966bc43a45b44867e12b",
    "dependencies": [],
    "environment_constraints": {
      "min_perfection_level": "infinite",
      "quantum_enhanced": true,
      "zero_defects": true
    },
    "timestamp": "2025-12-17T03:42:15.118905"
  },
  "deployment.atomicity": {
    "component": "deployment.atomicity",
    "config_hash": "b5bea41b6c623f7c09f1bf24dcae58ebab3c0cdd90ad966bc43a45b44867e12b",
    "dependencies": [],
    "environment_constraints": {
      "min_perfection_level": "infinite",
      "quantum_enhanced": true,
      "zero_defects": true
    },
    "timestamp": "2025-12-17T03:42:15.128810"
  },
  "deployment.rollback_capability": {
    "component": "deployment.rollback_capability",
    "config_hash": "b5bea41b6c623f7c09f1bf24dcae58ebab3c0cdd90ad966bc43a45b44867e12b",
    "dependencies": [],
    "environment_constraints": {
      "min_perfection_level": "infinite",
      "quantum_enhanced": true,
      "zero_defects": true
    },
    "timestamp": "2025-12-17T03:42:15.138344"
  },
  "deployment.zero_downtime": {
    "component": "deployment.zero_downtime",
    "config_hash": "b5bea41b6c623f7c09f1bf24dcae58ebab3c0cdd90ad966bc43a45b44867e12b",
    "dependencies": [],
    "environment_constraints": {
      "min_perfection_level": "infinite",
      "quantum_enhanced": true,
      "zero_defects": true
    },
    "timestamp": "2025-12-17T03:42:15.144507"
  }
}