{
  "production": {
    "python_version": "3.11.7",
    "pip_version": "23.3.1",
    "platform": "linux-x86_64",
    "dependencies_hash": "a3e363d84615891b8d7f96bf25dec7a1486f7e9733aaded00000a1ced85586cd",
    "environment_variables_locked": true,
    "security_hardened": true,
    "monitoring_enabled": true,
    "auto_scaling_enabled": true
  },
  "development": {
    "python_version": "3.11.7",
    "pip_version": "23.3.1",
    "platform": "universal",
    "dependencies_hash": "a3e363d84615891b8d7f96bf25dec7a1486f7e9733aaded00000a1ced85586cd",
    "environment_variables_locked": false,
    "debug_mode_enabled": true,
    "test_framework_enabled": true,
    "development_tools_enabled": true
  },
  "testing": {
    "python_version": "3.11.7",
    "pip_version": "23.3.1",
    "platform": "universal",
    "dependencies_hash": "a3e363d84615891b8d7f96bf25dec7a1486f7e9733aaded00000a1ced85586cd",
    "test_isolation_enabled": true,
    "coverage_reporting_enabled": true,
    "performance_testing_enabled": true
  }
}