{
  "category": "frontend_core",
  "generated_at": "2025-12-17T04:08:41.654461",
  "version": "1.0.0-ssot-comprehensive",
  "description": "Comprehensive SSOT protection for frontend_core files",
  "total_files": 19,
  "files": {
    "PredictiveDashboard.tsx": {
      "full_path": "frontend/src/components/dashboard/PredictiveDashboard.tsx",
      "category": "critical",
      "checksum": "ab2bab7ea99fca4d6dac9a6da9dad14d44b58dedd497f427271fb834c737b904",
      "size_bytes": 4363,
      "modified": "2025-12-17T03:49:21.933943",
      "risk_score": 100,
      "protection_reason": "Category: critical, Risk: 105",
      "locked_at": "2025-12-17T04:08:41.654772"
    },
    "VolumeChart.tsx": {
      "full_path": "frontend/src/components/dashboard/VolumeChart.tsx",
      "category": "critical",
      "checksum": "42358f934a5557cb9977d738f750b74db90a0f92788d7fe11fe827c3617b4802",
      "size_bytes": 2199,
      "modified": "2025-12-17T03:49:21.934688",
      "risk_score": 100,
      "protection_reason": "Category: critical, Risk: 105",
      "locked_at": "2025-12-17T04:08:41.654860"
    },
    "MetricCard.tsx": {
      "full_path": "frontend/src/components/dashboard/MetricCard.tsx",
      "category": "critical",
      "checksum": "4f6c6b696a6d32b74841e692433ff0d07e474bcf29dd06bb61216a5dd9f79d21",
      "size_bytes": 2224,
      "modified": "2025-12-17T03:49:21.935332",
      "risk_score": 100,
      "protection_reason": "Category: critical, Risk: 105",
      "locked_at": "2025-12-17T04:08:41.654943"
    },
    "ThreatMap.tsx": {
      "full_path": "frontend/src/components/dashboard/ThreatMap.tsx",
      "category": "critical",
      "checksum": "ce33a032f21a3f1e9608920739babb3a11bf79b0a3213c73e68cdb0377c104fe",
      "size_bytes": 7079,
      "modified": "2025-12-17T03:49:21.936392",
      "risk_score": 100,
      "protection_reason": "Category: critical, Risk: 105",
      "locked_at": "2025-12-17T04:08:41.655037"
    },
    "RiskDistributionChart.tsx": {
      "full_path": "frontend/src/components/dashboard/RiskDistributionChart.tsx",
      "category": "critical",
      "checksum": "49c84137de22b810be9ffedf69c2e001088517785afd3a4272dcd4f92a334b65",
      "size_bytes": 2121,
      "modified": "2025-12-17T03:49:21.937200",
      "risk_score": 100,
      "protection_reason": "Category: critical, Risk: 105",
      "locked_at": "2025-12-17T04:08:41.655119"
    },
    "AIWatchtower.tsx": {
      "full_path": "frontend/src/components/dashboard/AIWatchtower.tsx",
      "category": "critical",
      "checksum": "d65f8fcfe41bad01d0064737cb803ca613248f1fd697e880e00f0ecdc2b1dfb1",
      "size_bytes": 5087,
      "modified": "2025-12-17T03:49:21.938129",
      "risk_score": 100,
      "protection_reason": "Category: critical, Risk: 105",
      "locked_at": "2025-12-17T04:08:41.655206"
    },
    "LiveQueue.tsx": {
      "full_path": "frontend/src/components/dashboard/LiveQueue.tsx",
      "category": "critical",
      "checksum": "fa96dbc38680add0959e484fa60e79c083046ddcabff0315f7604f8a57e3d478",
      "size_bytes": 3845,
      "modified": "2025-12-17T03:49:21.938951",
      "risk_score": 100,
      "protection_reason": "Category: critical, Risk: 105",
      "locked_at": "2025-12-17T04:08:41.655289"
    },
    "ProofVisualizationCard.tsx": {
      "full_path": "frontend/src/components/dashboard/ProofVisualizationCard.tsx",
      "category": "critical",
      "checksum": "7f3373291151d8e5c3bd93a1323066b1e3fd21b19f699a804f79f32b86d3cccb",
      "size_bytes": 9818,
      "modified": "2025-12-17T03:49:21.940018",
      "risk_score": 100,
      "protection_reason": "Category: critical, Risk: 105",
      "locked_at": "2025-12-17T04:08:41.655387"
    },
    "AdvancedComplianceDashboard.tsx": {
      "full_path": "frontend/src/components/ai/AdvancedComplianceDashboard.tsx",
      "category": "critical",
      "checksum": "0a1fdc64aff0c60f0377a2f396527659e53e8d6546ac5412bc7ee4f57c4f67fc",
      "size_bytes": 32986,
      "modified": "2025-12-17T03:49:21.957342",
      "risk_score": 100,
      "protection_reason": "Category: critical, Risk: 105",
      "locked_at": "2025-12-17T04:08:41.655538"
    },
    "AIIntelligenceDashboard.tsx": {
      "full_path": "frontend/src/components/ai/AIIntelligenceDashboard.tsx",
      "category": "critical",
      "checksum": "00540f2c7337bc6ccade3ab59c944f6a7605472901d6f61d2b01d62f44441288",
      "size_bytes": 17371,
      "modified": "2025-12-17T03:49:21.959151",
      "risk_score": 100,
      "protection_reason": "Category: critical, Risk: 105",
      "locked_at": "2025-12-17T04:08:41.655654"
    },
    "PredictiveMaintenanceDashboard.tsx": {
      "full_path": "frontend/src/components/ai/PredictiveMaintenanceDashboard.tsx",
      "category": "critical",
      "checksum": "205d671fe820c10028ff4d1abe539fdc89b0cc9699b2111cd71becd5dbb7cefe",
      "size_bytes": 27799,
      "modified": "2025-12-17T03:49:21.963604",
      "risk_score": 100,
      "protection_reason": "Category: critical, Risk: 105",
      "locked_at": "2025-12-17T04:08:41.655792"
    },
    "CodeReviewDashboard.tsx": {
      "full_path": "frontend/src/components/ai/CodeReviewDashboard.tsx",
      "category": "critical",
      "checksum": "028f4d96ab9886ad794e55f81e7df1d2a02b2c1cddd44cbd0ac32fd5faf834de",
      "size_bytes": 27172,
      "modified": "2025-12-17T03:49:21.965514",
      "risk_score": 100,
      "protection_reason": "Category: critical, Risk: 105",
      "locked_at": "2025-12-17T04:08:41.655927"
    },
    "PerformanceDashboard.tsx": {
      "full_path": "frontend/src/pages/PerformanceDashboard.tsx",
      "category": "critical",
      "checksum": "e98e8229785ecf9c03993c00963063c9b97f927c439695486b6990b82df15b3f",
      "size_bytes": 15094,
      "modified": "2025-12-17T03:49:22.601017",
      "risk_score": 100,
      "protection_reason": "Category: critical, Risk: 105",
      "locked_at": "2025-12-17T04:08:41.656359"
    },
    "SystemOrchestrationDashboard.tsx": {
      "full_path": "frontend/src/components/monitoring/SystemOrchestrationDashboard.tsx",
      "category": "critical",
      "checksum": "c5cbfff1d1802a2d2a65473484e70c7c3dae6064a409a0a389bb0ae3595e406a",
      "size_bytes": 14388,
      "modified": "2025-12-17T03:49:21.972275",
      "risk_score": 100,
      "protection_reason": "Category: critical, Risk: 105",
      "locked_at": "2025-12-17T04:08:41.656141"
    },
    "MonitoringDashboard.tsx": {
      "full_path": "frontend/src/components/monitoring/MonitoringDashboard.tsx",
      "category": "critical",
      "checksum": "0400cf19207a33c987559c7d692ff19f33d5889f008bf7316b400a1c61baecdb",
      "size_bytes": 13774,
      "modified": "2025-12-17T03:49:21.973703",
      "risk_score": 100,
      "protection_reason": "Category: critical, Risk: 105",
      "locked_at": "2025-12-17T04:08:41.656249"
    },
    "Dashboard.tsx": {
      "full_path": "frontend/src/pages/Dashboard.tsx",
      "category": "critical",
      "checksum": "92ca1c72f41fc57ae40a1178342b5af42bdab5444f1fe46d0045b2e65c12b3d0",
      "size_bytes": 8443,
      "modified": "2025-12-17T03:49:22.616040",
      "risk_score": 100,
      "protection_reason": "Category: critical, Risk: 105",
      "locked_at": "2025-12-17T04:08:41.656455"
    },
    "EnhancedDashboard.tsx": {
      "full_path": "frontend/src/pages/EnhancedDashboard.tsx",
      "category": "critical",
      "checksum": "e05346e48d38caf1ef95e81b79b95e3b5089ebe7c4f1765eed17df5c8eae29ba",
      "size_bytes": 29491,
      "modified": "2025-12-17T03:49:22.867049",
      "risk_score": 100,
      "protection_reason": "Category: critical, Risk: 105",
      "locked_at": "2025-12-17T04:08:41.656596"
    }
  }
}