{
  "category": "infrastructure",
  "generated_at": "2025-12-17T04:08:41.657224",
  "version": "1.0.0-ssot-comprehensive",
  "description": "Comprehensive SSOT protection for infrastructure files",
  "total_files": 22,
  "files": {
    "MetricSparkline.tsx": {
      "full_path": "frontend/src/components/dashboard/MetricSparkline.tsx",
      "category": "critical",
      "checksum": "7a4f7c893759264656a57f3ce790480b4711a7dd2b77dd5757fe4df562b7a9c2",
      "size_bytes": 1769,
      "modified": "2025-12-17T03:49:21.933033",
      "risk_score": 100,
      "protection_reason": "Category: critical, Risk: 105",
      "locked_at": "2025-12-17T04:08:41.657354"
    },
    "useDashboardMetrics.ts": {
      "full_path": "frontend/src/hooks/useDashboardMetrics.ts",
      "category": "critical",
      "checksum": "d0570e4b6d52e924f44d29973c2aed54874c5ed7014475e49ab2c4585ebe5ce6",
      "size_bytes": 389,
      "modified": "2025-12-17T03:49:22.501502",
      "risk_score": 100,
      "protection_reason": "Category: critical, Risk: 105",
      "locked_at": "2025-12-17T04:08:41.657444"
    },
    "tsconfig.json": {
      "full_path": "frontend/tsconfig.json",
      "category": "high",
      "checksum": "a8af4f49412ed5351e13c494e0ada662d27c2eb955c75c48ef991cb8b5ae87e9",
      "size_bytes": 964,
      "modified": "2025-12-17T01:38:37.496985",
      "risk_score": 90,
      "protection_reason": "Category: high, Risk: 90",
      "locked_at": "2025-12-17T04:08:41.657525"
    },
    "logging_service.py": {
      "full_path": "backend/app/services/logging_service.py",
      "category": "high",
      "checksum": "fca535bcc905f545d93704f95331c732aa7fa0a3e5fdc29186556b40ef0fa9e2",
      "size_bytes": 21771,
      "modified": "2025-12-17T01:38:35.992883",
      "risk_score": 85,
      "protection_reason": "Category: high, Risk: 85",
      "locked_at": "2025-12-17T04:08:41.657657"
    },
    "production.py": {
      "full_path": "backend/config/production.py",
      "category": "high",
      "checksum": "f28a7adb7901c35a98f631eda1bb1f06523b91d1e5320c15acd585e65bf29881",
      "size_bytes": 5067,
      "modified": "2025-12-17T01:38:36.297591",
      "risk_score": 85,
      "protection_reason": "Category: high, Risk: 85",
      "locked_at": "2025-12-17T04:08:41.657748"
    },
    "configuration.py": {
      "full_path": "backend/backend/venv/lib/python3.12/site-packages/pip/_internal/commands/configuration.py",
      "category": "high",
      "checksum": "ea034e1ab5569ce2d4d79cd49c088db8e3217fbe9144866f09d543d1d7a03d19",
      "size_bytes": 10105,
      "modified": "2025-12-17T01:38:36.030345",
      "risk_score": 85,
      "protection_reason": "Category: high, Risk: 85",
      "locked_at": "2025-12-17T04:08:41.658188"
    },
    "logging.py": {
      "full_path": "backend/backend/venv/lib/python3.12/site-packages/pip/_vendor/rich/logging.py",
      "category": "high",
      "checksum": "e4a68f3d230ff45c5c5cf05c28ce1c19dff35bbf0f3207fe61b3159ef7d2c34a",
      "size_bytes": 12468,
      "modified": "2025-12-17T01:38:36.202409",
      "risk_score": 85,
      "protection_reason": "Category: high, Risk: 85",
      "locked_at": "2025-12-17T04:08:41.658305"
    },
    "_sysconfig.py": {
      "full_path": "backend/backend/venv/lib/python3.12/site-packages/pip/_internal/locations/_sysconfig.py",
      "category": "high",
      "checksum": "3617048b5ff6e70f5c4d3707e11c8e8c3e141d6e888e4b34b8acb53cbd7f8fff",
      "size_bytes": 7716,
      "modified": "2025-12-17T01:38:36.039289",
      "risk_score": 85,
      "protection_reason": "Category: high, Risk: 85",
      "locked_at": "2025-12-17T04:08:41.658082"
    },
    "tailwind.config.js": {
      "full_path": "frontend/tailwind.config.js",
      "category": "high",
      "checksum": "0b02f36dbb307f9f8ccd3b22702faf28774855d6be520147d51e4ba1f5083cf1",
      "size_bytes": 5628,
      "modified": "2025-12-17T01:38:37.496289",
      "risk_score": 85,
      "protection_reason": "Category: high, Risk: 85",
      "locked_at": "2025-12-17T04:08:41.658397"
    },
    "vite.config.js": {
      "full_path": "frontend/vite.config.js",
      "category": "high",
      "checksum": "094820fe36a8b1ae0435f012bd9d1b9df25c09e5156ac616eec5be0ab1413028",
      "size_bytes": 1892,
      "modified": "2025-12-17T01:38:37.497199",
      "risk_score": 85,
      "protection_reason": "Category: high, Risk: 85",
      "locked_at": "2025-12-17T04:08:41.658480"
    },
    "eslint.config.js": {
      "full_path": "frontend/eslint.config.js",
      "category": "high",
      "checksum": "a1409efb8ab67c7ca71e9156a074e1d936921b402ed7d51376b5b523d9e15410",
      "size_bytes": 1350,
      "modified": "2025-12-17T01:38:37.312320",
      "risk_score": 85,
      "protection_reason": "Category: high, Risk: 85",
      "locked_at": "2025-12-17T04:08:41.658558"
    },
    "vite.config.ts": {
      "full_path": "frontend/vite.config.ts",
      "category": "high",
      "checksum": "385ee551db627182038809aeb2eccd96af7b95c4995e007b140063eafe11d863",
      "size_bytes": 3773,
      "modified": "2025-12-17T01:38:37.497511",
      "risk_score": 85,
      "protection_reason": "Category: high, Risk: 85",
      "locked_at": "2025-12-17T04:08:41.658640"
    },
    "postcss.config.js": {
      "full_path": "frontend/postcss.config.js",
      "category": "high",
      "checksum": "47f2dff3208826bf663a9ca490b376a130a8153e0e8e713aed09b9f42289a3bd",
      "size_bytes": 91,
      "modified": "2025-12-17T01:38:37.314577",
      "risk_score": 85,
      "protection_reason": "Category: high, Risk: 85",
      "locked_at": "2025-12-17T04:08:41.658714"
    },
    "config.ts": {
      "full_path": "frontend/src/i18n/config.ts",
      "category": "high",
      "checksum": "09a97a8f14f974772b539076526df3417bd6c0189f70f950c7b18ceabae36c34",
      "size_bytes": 1476,
      "modified": "2025-12-17T03:49:22.588697",
      "risk_score": 85,
      "protection_reason": "Category: high, Risk: 85",
      "locked_at": "2025-12-17T04:08:41.658796"
    },
    "Dockerfile": {
      "full_path": "frontend/Dockerfile",
      "category": "high",
      "checksum": "8197c01081aa06b25403da29e6c87274dc2de10899ee37b9ffca2e875fc95b9c",
      "size_bytes": 408,
      "modified": "2025-12-17T02:51:05.853824",
      "risk_score": 70,
      "protection_reason": "Category: high, Risk: 70",
      "locked_at": "2025-12-17T04:08:41.659044"
    },
    "prometheus_alerts.yml": {
      "full_path": "backend/config/prometheus_alerts.yml",
      "category": "high",
      "checksum": "e7b19eae1726a7e62e89295c3e6180c0b7766badb8fffc9608b5ce0e8e56acb0",
      "size_bytes": 7885,
      "modified": "2025-12-17T01:38:36.297776",
      "risk_score": 70,
      "protection_reason": "Category: high, Risk: 70",
      "locked_at": "2025-12-17T04:08:41.658970"
    },
    "Dockerfile.production": {
      "full_path": "infrastructure/Dockerfile.production",
      "category": "high",
      "checksum": "b007810edde68b4ef9b6bac4aebe0c78eb95068b4c8918cc4693f4ff6b579956",
      "size_bytes": 2263,
      "modified": "2025-12-17T01:38:35.840856",
      "risk_score": 70,
      "protection_reason": "Category: high, Risk: 70",
      "locked_at": "2025-12-17T04:08:41.659124"
    },
    "validate-mcp-config.sh": {
      "full_path": "scripts/validate-mcp-config.sh",
      "category": "high",
      "checksum": "8a185049a10805b5c9220d23b35ed329cb08ceca2384a8a157bc8bcb5b7034b3",
      "size_bytes": 2939,
      "modified": "2025-12-17T01:38:37.988453",
      "risk_score": 70,
      "protection_reason": "Category: high, Risk: 70",
      "locked_at": "2025-12-17T04:08:41.659206"
    },
    "generate-mcp-config.sh": {
      "full_path": "scripts/generate-mcp-config.sh",
      "category": "high",
      "checksum": "e2d6d6cc57b5006c7ad646c601e2e446ab6c3e03752f1e9297f58cd08d801643",
      "size_bytes": 3320,
      "modified": "2025-12-17T01:38:37.985242",
      "risk_score": 70,
      "protection_reason": "Category: high, Risk: 70",
      "locked_at": "2025-12-17T04:08:41.659286"
    }
  }
}