{
  "category": "monitoring_extended",
  "generated_at": "2025-12-17T04:12:59.384519",
  "version": "1.0.0-extended-protection",
  "description": "Extended SSOT protection for monitoring category files",
  "total_files": 14,
  "investigation_method": "deep_file_analysis",
  "protection_criteria": {
    "risk_multiplier": 1.4,
    "keywords": [
      "monitor",
      "log",
      "metric",
      "alert",
      "health"
    ],
    "business_impact": "System observability",
    "security_impact": "Security monitoring"
  },
  "files": {
    "alerting.yml": {
      "full_path": "backend/monitoring/alerting.yml",
      "category": "monitoring",
      "checksum": "4c2b1c3882f9c1fd44d4b80afced0c4ab967bb92cdac78321bec3299418de1ea",
      "size_bytes": 4768,
      "modified": "2025-12-17T01:38:36.327825",
      "risk_score": 58,
      "protection_reason": "Contains 2 protection keywords for monitoring",
      "business_impact": "System observability",
      "security_impact": "Security monitoring",
      "dependencies": [
        "core_system"
      ],
      "estimated_protection_value": 580,
      "investigation_timestamp": "2025-12-17T04:12:59.384964"
    },
    "cache_monitoring.py": {
      "full_path": "backend/core/cache_monitoring.py",
      "category": "monitoring",
      "checksum": "f50db62905d394c2735038f760a43c290d05a29d2ce2f006fccb35fa2717102c",
      "size_bytes": 7023,
      "modified": "2025-12-17T01:38:36.313681",
      "risk_score": 50,
      "protection_reason": "Contains 1 protection keywords for monitoring",
      "business_impact": "System observability",
      "security_impact": "Security monitoring",
      "dependencies": [
        "core_system"
      ],
      "estimated_protection_value": 500,
      "investigation_timestamp": "2025-12-17T04:12:59.385286"
    },
    "query_monitoring.py": {
      "full_path": "backend/core/query_monitoring.py",
      "category": "monitoring",
      "checksum": "e874aa4dbc3737549743cf17b3658d1be75d26ddf7bd3b80c839b89bf085c6b4",
      "size_bytes": 6107,
      "modified": "2025-12-17T01:38:36.317099",
      "risk_score": 50,
      "protection_reason": "Contains 1 protection keywords for monitoring",
      "business_impact": "System observability",
      "security_impact": "Security monitoring",
      "dependencies": [
        "core_system"
      ],
      "estimated_protection_value": 500,
      "investigation_timestamp": "2025-12-17T04:12:59.385622"
    },
    "monitoring.py": {
      "full_path": "backend/app/monitoring.py",
      "category": "monitoring",
      "checksum": "0f3333afc1817ae123bbea366062c0ce6a57115bc6f98da174d899e90c0ff2e3",
      "size_bytes": 10925,
      "modified": "2025-12-17T01:38:35.858272",
      "risk_score": 50,
      "protection_reason": "Contains 1 protection keywords for monitoring",
      "business_impact": "System observability",
      "security_impact": "Security monitoring",
      "dependencies": [
        "core_system"
      ],
      "estimated_protection_value": 500,
      "investigation_timestamp": "2025-12-17T04:12:59.385977"
    },
    "peel_chains.md": {
      "full_path": "backend/app/plugins/knowledge_base/typologies/emerging/peel_chains.md",
      "category": "monitoring",
      "checksum": "796fd2d937d51dadfbd00e318a047471e71daa1485ad695ef3dd70f77f6d0701",
      "size_bytes": 1142,
      "modified": "2025-12-17T01:38:35.859551",
      "risk_score": 50,
      "protection_reason": "Contains 1 protection keywords for monitoring",
      "business_impact": "System observability",
      "security_impact": "Security monitoring",
      "dependencies": [
        "core_system"
      ],
      "estimated_protection_value": 500,
      "investigation_timestamp": "2025-12-17T04:12:59.386313"
    },
    "mules.md": {
      "full_path": "backend/app/plugins/knowledge_base/typologies/aml/mules.md",
      "category": "monitoring",
      "checksum": "acb5c1f214fa62a04328b6ec77b254479252c5c76740805d694b854e49893f45",
      "size_bytes": 1332,
      "modified": "2025-12-17T01:38:35.858984",
      "risk_score": 50,
      "protection_reason": "Contains 1 protection keywords for monitoring",
      "business_impact": "System observability",
      "security_impact": "Security monitoring",
      "dependencies": [
        "core_system"
      ],
      "estimated_protection_value": 500,
      "investigation_timestamp": "2025-12-17T04:12:59.386625"
    },
    "structuring.md": {
      "full_path": "backend/app/plugins/knowledge_base/typologies/aml/structuring.md",
      "category": "monitoring",
      "checksum": "0e4a463927d061c2563d708e9530fa51b666e2dfa0e13486b17bc861fe13d39d",
      "size_bytes": 909,
      "modified": "2025-12-17T01:38:35.859179",
      "risk_score": 50,
      "protection_reason": "Contains 1 protection keywords for monitoring",
      "business_impact": "System observability",
      "security_impact": "Security monitoring",
      "dependencies": [
        "core_system"
      ],
      "estimated_protection_value": 500,
      "investigation_timestamp": "2025-12-17T04:12:59.386941"
    },
    "integration.md": {
      "full_path": "backend/app/plugins/knowledge_base/typologies/aml/integration.md",
      "category": "monitoring",
      "checksum": "a4f9877f05d25b8a14cf1f1b15ce37e86cd4fc4a56cee4d7a02f927403fc67a2",
      "size_bytes": 1191,
      "modified": "2025-12-17T01:38:35.858705",
      "risk_score": 50,
      "protection_reason": "Contains 1 protection keywords for monitoring",
      "business_impact": "System observability",
      "security_impact": "Security monitoring",
      "dependencies": [
        "core_system"
      ],
      "estimated_protection_value": 500,
      "investigation_timestamp": "2025-12-17T04:12:59.387249"
    },
    "layering.md": {
      "full_path": "backend/app/plugins/knowledge_base/typologies/aml/layering.md",
      "category": "monitoring",
      "checksum": "ca3040909f1e808f81bb9a4e307f454e38618af614385dfbc5ce92565066edcf",
      "size_bytes": 1194,
      "modified": "2025-12-17T01:38:35.858848",
      "risk_score": 50,
      "protection_reason": "Contains 1 protection keywords for monitoring",
      "business_impact": "System observability",
      "security_impact": "Security monitoring",
      "dependencies": [
        "core_system"
      ],
      "estimated_protection_value": 500,
      "investigation_timestamp": "2025-12-17T04:12:59.387568"
    },
    "verify_audit_logs.py": {
      "full_path": "backend/scripts/verify_audit_logs.py",
      "category": "monitoring",
      "checksum": "4deffd461e94489cce683db8f7bb94ab318a33439aed64d05b815f2b51a723c6",
      "size_bytes": 411,
      "modified": "2025-12-17T01:38:36.333624",
      "risk_score": 50,
      "protection_reason": "Contains 1 protection keywords for monitoring",
      "business_impact": "System observability",
      "security_impact": "Security monitoring",
      "dependencies": [
        "core_system"
      ],
      "estimated_protection_value": 500,
      "investigation_timestamp": "2025-12-17T04:12:59.387855"
    },
    "004_add_audit_logs.py": {
      "full_path": "backend/alembic/versions/004_add_audit_logs.py",
      "category": "monitoring",
      "checksum": "0584649dfeef3b7b96bf6ca531b70053f2235e54b24920a7f9d4eabbe6f696bc",
      "size_bytes": 960,
      "modified": "2025-12-17T01:38:35.857161",
      "risk_score": 50,
      "protection_reason": "Contains 1 protection keywords for monitoring",
      "business_impact": "System observability",
      "security_impact": "Security monitoring",
      "dependencies": [
        "core_system"
      ],
      "estimated_protection_value": 500,
      "investigation_timestamp": "2025-12-17T04:12:59.388134"
    },
    "advancedMonitoring.ts": {
      "full_path": "frontend/src/lib/advancedMonitoring.ts",
      "category": "monitoring",
      "checksum": "4d4ed81f566879a2c097776ad5b562d60034220d121040790413c3dfe5920fe6",
      "size_bytes": 8041,
      "modified": "2025-12-17T03:49:22.564962",
      "risk_score": 50,
      "protection_reason": "Contains 1 protection keywords for monitoring",
      "business_impact": "System observability",
      "security_impact": "Security monitoring",
      "dependencies": [
        "core_system"
      ],
      "estimated_protection_value": 500,
      "investigation_timestamp": "2025-12-17T04:12:59.388468"
    },
    "test_login.py": {
      "full_path": "scripts/test_login.py",
      "category": "monitoring",
      "checksum": "0b70f389c3e5e4ecf5bc4447fa30b3d57e2ad13f405906a139cbdab43f3d012f",
      "size_bytes": 1104,
      "modified": "2025-12-17T03:43:50.212814",
      "risk_score": 50,
      "protection_reason": "Contains 1 protection keywords for monitoring",
      "business_impact": "System observability",
      "security_impact": "Security monitoring",
      "dependencies": [
        "core_system"
      ],
      "estimated_protection_value": 500,
      "investigation_timestamp": "2025-12-17T04:12:59.388908"
    },
    "start-monitoring.sh": {
      "full_path": "scripts/start-monitoring.sh",
      "category": "monitoring",
      "checksum": "7d496d37be00e63995c9b36feeb5174904b4f709377b19ac8f4091ac823763e4",
      "size_bytes": 2220,
      "modified": "2025-12-17T01:38:37.988035",
      "risk_score": 50,
      "protection_reason": "Contains 1 protection keywords for monitoring",
      "business_impact": "System observability",
      "security_impact": "Security monitoring",
      "dependencies": [
        "core_system"
      ],
      "estimated_protection_value": 500,
      "investigation_timestamp": "2025-12-17T04:12:59.389317"
    }
  }
}