{
  "category": "security_extended",
  "generated_at": "2025-12-17T04:12:59.160806",
  "version": "1.0.0-extended-protection",
  "description": "Extended SSOT protection for security category files",
  "total_files": 5,
  "investigation_method": "deep_file_analysis",
  "protection_criteria": {
    "risk_multiplier": 2.0,
    "keywords": [
      "security",
      "auth",
      "encrypt",
      "decrypt",
      "token",
      "jwt",
      "oauth"
    ],
    "business_impact": "System access control",
    "security_impact": "Unauthorized access prevention"
  },
  "files": {
    "rbac.py": {
      "full_path": "backend/core/security/rbac.py",
      "category": "security",
      "checksum": "0ccaa6dfac58bf9cebf5bf0102accdd1519843b42eab8780851db5ad6209f89a",
      "size_bytes": 3410,
      "modified": "2025-12-17T03:03:39.589232",
      "risk_score": 72,
      "protection_reason": "Contains 1 protection keywords for security",
      "business_impact": "System access control",
      "security_impact": "Unauthorized access prevention",
      "dependencies": [
        "authentication_system",
        "access_control"
      ],
      "estimated_protection_value": 720,
      "investigation_timestamp": "2025-12-17T04:12:59.161230"
    },
    "__init__.py": {
      "full_path": "backend/core/security/__init__.py",
      "category": "security",
      "checksum": "efd3448bdef4548015ea79fe1263ebc8346babfffbba1da8aa63fad1dadbfd7f",
      "size_bytes": 1072,
      "modified": "2025-12-17T01:55:23.009981",
      "risk_score": 72,
      "protection_reason": "Contains 1 protection keywords for security",
      "business_impact": "System access control",
      "security_impact": "Unauthorized access prevention",
      "dependencies": [
        "authentication_system",
        "access_control"
      ],
      "estimated_protection_value": 720,
      "investigation_timestamp": "2025-12-17T04:12:59.161671"
    },
    "auth_service.py": {
      "full_path": "backend/app/services/auth_service.py",
      "category": "security",
      "checksum": "1862a2830d02b4c9d2c22cc5cbf338d2c5c31b8ac47c3ae56f96612ba35d11db",
      "size_bytes": 10835,
      "modified": "2025-12-17T01:38:35.975389",
      "risk_score": 72,
      "protection_reason": "Contains 1 protection keywords for security",
      "business_impact": "System access control",
      "security_impact": "Unauthorized access prevention",
      "dependencies": [
        "authentication_system",
        "access_control"
      ],
      "estimated_protection_value": 720,
      "investigation_timestamp": "2025-12-17T04:12:59.162076"
    },
    "_tokenizer.py": {
      "full_path": "backend/backend/venv/lib/python3.12/site-packages/pip/_vendor/packaging/_tokenizer.py",
      "category": "security",
      "checksum": "398cedeea2b1ca538027eab45f22b5a80c9cc8f4582df30f74640a4579195b22",
      "size_bytes": 5310,
      "modified": "2025-12-17T01:38:36.126269",
      "risk_score": 72,
      "protection_reason": "Contains 1 protection keywords for security",
      "business_impact": "System access control",
      "security_impact": "Unauthorized access prevention",
      "dependencies": [
        "authentication_system",
        "access_control"
      ],
      "estimated_protection_value": 720,
      "investigation_timestamp": "2025-12-17T04:12:59.162413"
    },
    "token.py": {
      "full_path": "backend/backend/venv/lib/python3.12/site-packages/pip/_vendor/pygments/token.py",
      "category": "security",
      "checksum": "59b7561a1626fd5a2c6f40c3c56f651cd3e02135df593b10987b7a732f516dc3",
      "size_bytes": 6226,
      "modified": "2025-12-17T01:38:36.149113",
      "risk_score": 72,
      "protection_reason": "Contains 1 protection keywords for security",
      "business_impact": "System access control",
      "security_impact": "Unauthorized access prevention",
      "dependencies": [
        "authentication_system",
        "access_control"
      ],
      "estimated_protection_value": 720,
      "investigation_timestamp": "2025-12-17T04:12:59.162787"
    }
  }
}