{
  "cryptography": {
    "key_algorithm": "RSA-4096",
    "encryption_standard": "AES-256-GCM",
    "hash_function": "SHA-256",
    "key_rotation_policy": "30-days",
    "hsm_integration": "required",
    "certificate_authority": "trusted"
  },
  "authentication": {
    "password_policy": "complexity-high",
    "mfa_required": true,
    "session_timeout": "30-minutes",
    "max_login_attempts": 5,
    "account_lockout_duration": "15-minutes",
    "password_history_check": true
  },
  "authorization": {
    "rbac_enabled": true,
    "least_privilege_enforced": true,
    "audit_logging": "comprehensive",
    "permission_inheritance": "strict",
    "role_separation": "enforced"
  },
  "network_security": {
    "tls_version": "1.3-only",
    "cipher_suites": "strong-only",
    "certificate_pinning": true,
    "hsts_enabled": true,
    "csp_headers": "strict",
    "rate_limiting": "distributed"
  },
  "data_protection": {
    "encryption_at_rest": true,
    "encryption_in_transit": true,
    "data_classification": "automated",
    "retention_policies": "gdpr-compliant",
    "data_masking": "enabled",
    "audit_trails": "tamper-proof"
  },
  "monitoring_security": {
    "intrusion_detection": "enabled",
    "log_analysis": "real-time",
    "anomaly_detection": "ai-powered",
    "threat_intelligence": "integrated",
    "incident_response": "automated",
    "forensic_capabilities": "comprehensive"
  }
}