{
  "category": "testing_extended",
  "generated_at": "2025-12-17T04:12:59.390594",
  "version": "1.0.0-extended-protection",
  "description": "Extended SSOT protection for testing category files",
  "total_files": 20,
  "investigation_method": "deep_file_analysis",
  "protection_criteria": {
    "risk_multiplier": 1.3,
    "keywords": [
      "test",
      "spec",
      "fixture",
      "mock",
      "validation"
    ],
    "business_impact": "Quality assurance",
    "security_impact": "Security testing integrity"
  },
  "files": {
    "validation.py": {
      "full_path": "backend/core/validation.py",
      "category": "testing",
      "checksum": "14c16f82f480a6ead09c178a2211cd7f6e7f13fa3c34d66adaed16473ac2f024",
      "size_bytes": 13758,
      "modified": "2025-12-17T01:38:36.317888",
      "risk_score": 46,
      "protection_reason": "Contains 1 protection keywords for testing",
      "business_impact": "Quality assurance",
      "security_impact": "Security testing integrity",
      "dependencies": [
        "core_system"
      ],
      "estimated_protection_value": 460,
      "investigation_timestamp": "2025-12-17T04:12:59.391044"
    },
    "conftest.py": {
      "full_path": "backend/tests/conftest.py",
      "category": "testing",
      "checksum": "151b52cc8ed70637ae7d4331c0b63dc8e5f154074513d2a5327db1e4d9457c39",
      "size_bytes": 4063,
      "modified": "2025-12-17T04:06:52.932120",
      "risk_score": 46,
      "protection_reason": "Contains 1 protection keywords for testing",
      "business_impact": "Quality assurance",
      "security_impact": "Security testing integrity",
      "dependencies": [
        "core_system"
      ],
      "estimated_protection_value": 460,
      "investigation_timestamp": "2025-12-17T04:12:59.391410"
    },
    "verify_graph_search.py": {
      "full_path": "backend/tests/verify_graph_search.py",
      "category": "testing",
      "checksum": "69f569ee485466a418317d1e80e87806f4e9df3f9091ec5f15f2839e33f48a0b",
      "size_bytes": 3629,
      "modified": "2025-12-17T01:38:36.357029",
      "risk_score": 46,
      "protection_reason": "Contains 1 protection keywords for testing",
      "business_impact": "Quality assurance",
      "security_impact": "Security testing integrity",
      "dependencies": [
        "core_system"
      ],
      "estimated_protection_value": 460,
      "investigation_timestamp": "2025-12-17T04:12:59.391786"
    },
    "test_core.py": {
      "full_path": "backend/tests/unit/test_core.py",
      "category": "testing",
      "checksum": "65966b7a144d796e474665f3028345a40d0918367627722991490004a64a6fd8",
      "size_bytes": 4933,
      "modified": "2025-12-17T01:38:36.356084",
      "risk_score": 46,
      "protection_reason": "Contains 1 protection keywords for testing",
      "business_impact": "Quality assurance",
      "security_impact": "Security testing integrity",
      "dependencies": [
        "core_system"
      ],
      "estimated_protection_value": 460,
      "investigation_timestamp": "2025-12-17T04:12:59.392102"
    },
    "test_comprehensive.py": {
      "full_path": "backend/tests/unit/test_comprehensive.py",
      "category": "testing",
      "checksum": "bf8f4dda144f49687e59495d16c2ca6407c6f1bb3f2c2bf75e6289e2a5e9b62b",
      "size_bytes": 13977,
      "modified": "2025-12-17T01:38:36.355903",
      "risk_score": 46,
      "protection_reason": "Contains 1 protection keywords for testing",
      "business_impact": "Quality assurance",
      "security_impact": "Security testing integrity",
      "dependencies": [
        "core_system"
      ],
      "estimated_protection_value": 460,
      "investigation_timestamp": "2025-12-17T04:12:59.392555"
    },
    "test_sync.py": {
      "full_path": "backend/tests/integration/test_sync.py",
      "category": "testing",
      "checksum": "62d1f3e52e6aca7273ee6baf931755d6c4f1f5268ef5282dd23db890e767ee4f",
      "size_bytes": 1850,
      "modified": "2025-12-17T01:38:36.344270",
      "risk_score": 46,
      "protection_reason": "Contains 1 protection keywords for testing",
      "business_impact": "Quality assurance",
      "security_impact": "Security testing integrity",
      "dependencies": [
        "core_system"
      ],
      "estimated_protection_value": 460,
      "investigation_timestamp": "2025-12-17T04:12:59.392935"
    },
    "locustfile.py": {
      "full_path": "backend/tests/performance/locustfile.py",
      "category": "testing",
      "checksum": "b112d12c30dc24559e5eeb1160b3c13d345640f598198e159bd68edb57dbfea9",
      "size_bytes": 6449,
      "modified": "2025-12-17T03:18:35.654698",
      "risk_score": 46,
      "protection_reason": "Contains 1 protection keywords for testing",
      "business_impact": "Quality assurance",
      "security_impact": "Security testing integrity",
      "dependencies": [
        "core_system"
      ],
      "estimated_protection_value": 460,
      "investigation_timestamp": "2025-12-17T04:12:59.393270"
    },
    "run_tests.sh": {
      "full_path": "backend/scripts/run_tests.sh",
      "category": "testing",
      "checksum": "33a28ea037b3f060b5a8d1c2acd0b97232d2a997980e06c99dc4f9feee45d117",
      "size_bytes": 3045,
      "modified": "2025-12-17T01:38:36.332784",
      "risk_score": 46,
      "protection_reason": "Contains 1 protection keywords for testing",
      "business_impact": "Quality assurance",
      "security_impact": "Security testing integrity",
      "dependencies": [
        "core_system"
      ],
      "estimated_protection_value": 460,
      "investigation_timestamp": "2025-12-17T04:12:59.393633"
    },
    "test_all.sh": {
      "full_path": "backend/scripts/test_all.sh",
      "category": "testing",
      "checksum": "2aede4b82275e5c54d569bdbf6a4948d464799cb26e587b8b63460f7be3d22ff",
      "size_bytes": 9599,
      "modified": "2025-12-17T01:38:36.333466",
      "risk_score": 46,
      "protection_reason": "Contains 1 protection keywords for testing",
      "business_impact": "Quality assurance",
      "security_impact": "Security testing integrity",
      "dependencies": [
        "core_system"
      ],
      "estimated_protection_value": 460,
      "investigation_timestamp": "2025-12-17T04:12:59.395987"
    },
    "critical-workflows.spec.ts": {
      "full_path": "frontend/e2e/critical-workflows.spec.ts",
      "category": "testing",
      "checksum": "1b3cfe56a6650b289535e3893cc4b6e4323f810d78444059aedeef9f0896ed87",
      "size_bytes": 7383,
      "modified": "2025-12-17T01:38:37.312014",
      "risk_score": 46,
      "protection_reason": "Contains 1 protection keywords for testing",
      "business_impact": "Quality assurance",
      "security_impact": "Security testing integrity",
      "dependencies": [
        "core_system"
      ],
      "estimated_protection_value": 460,
      "investigation_timestamp": "2025-12-17T04:12:59.396493"
    },
    "setup.ts": {
      "full_path": "frontend/src/test/setup.ts",
      "category": "testing",
      "checksum": "9d3521ab2903b4807e714b7d99d1f29f82ea5eb8873a063560641ce5eb807272",
      "size_bytes": 192,
      "modified": "2025-12-17T03:49:21.099719",
      "risk_score": 46,
      "protection_reason": "Contains 1 protection keywords for testing",
      "business_impact": "Quality assurance",
      "security_impact": "Security testing integrity",
      "dependencies": [
        "core_system"
      ],
      "estimated_protection_value": 460,
      "investigation_timestamp": "2025-12-17T04:12:59.396905"
    },
    "stores.test.ts": {
      "full_path": "frontend/src/stores/__tests__/stores.test.ts",
      "category": "testing",
      "checksum": "be22a04b8c2fe79e5cb313ec73c565cca6ce5bdc62fe9502c4a0121e3e34a04a",
      "size_bytes": 871,
      "modified": "2025-12-17T03:49:21.115251",
      "risk_score": 46,
      "protection_reason": "Contains 1 protection keywords for testing",
      "business_impact": "Quality assurance",
      "security_impact": "Security testing integrity",
      "dependencies": [
        "core_system"
      ],
      "estimated_protection_value": 460,
      "investigation_timestamp": "2025-12-17T04:12:59.397303"
    },
    "hooks.test.tsx": {
      "full_path": "frontend/src/__tests__/hooks.test.tsx",
      "category": "testing",
      "checksum": "cb9c6b8eed0b8a5d4ea6ba1ba83c25698defda7b6587b6275092099cd0a9ad18",
      "size_bytes": 839,
      "modified": "2025-12-17T03:49:21.980937",
      "risk_score": 46,
      "protection_reason": "Contains 1 protection keywords for testing",
      "business_impact": "Quality assurance",
      "security_impact": "Security testing integrity",
      "dependencies": [
        "core_system"
      ],
      "estimated_protection_value": 460,
      "investigation_timestamp": "2025-12-17T04:12:59.397630"
    },
    "advancedTesting.ts": {
      "full_path": "frontend/src/lib/advancedTesting.ts",
      "category": "testing",
      "checksum": "7251b125571df638aab246c8bf69e7ac2a3f709221fc97968c49788e69e879b7",
      "size_bytes": 8854,
      "modified": "2025-12-17T03:49:22.587472",
      "risk_score": 46,
      "protection_reason": "Contains 1 protection keywords for testing",
      "business_impact": "Quality assurance",
      "security_impact": "Security testing integrity",
      "dependencies": [
        "core_system"
      ],
      "estimated_protection_value": 460,
      "investigation_timestamp": "2025-12-17T04:12:59.397972"
    },
    "run-load-tests.sh": {
      "full_path": "scripts/run-load-tests.sh",
      "category": "testing",
      "checksum": "06db1b9e6f9804504cf5d4569f12104b1ee3839aa6c6f99e4eeaeba913c48c75",
      "size_bytes": 2103,
      "modified": "2025-12-17T01:38:37.986063",
      "risk_score": 46,
      "protection_reason": "Contains 1 protection keywords for testing",
      "business_impact": "Quality assurance",
      "security_impact": "Security testing integrity",
      "dependencies": [
        "core_system"
      ],
      "estimated_protection_value": 460,
      "investigation_timestamp": "2025-12-17T04:12:59.398258"
    },
    "run_tests.py": {
      "full_path": "scripts/run_tests.py",
      "category": "testing",
      "checksum": "8f67cbe30dc6bfbdabb605b5124521ad1f393041e7156f9500b16a9acb5ac409",
      "size_bytes": 965,
      "modified": "2025-12-17T01:38:37.986213",
      "risk_score": 46,
      "protection_reason": "Contains 1 protection keywords for testing",
      "business_impact": "Quality assurance",
      "security_impact": "Security testing integrity",
      "dependencies": [
        "core_system"
      ],
      "estimated_protection_value": 460,
      "investigation_timestamp": "2025-12-17T04:12:59.398630"
    },
    "test-electron.js": {
      "full_path": "scripts/testing/test-electron.js",
      "category": "testing",
      "checksum": "afa9812b4d354f05e68625eaa458f06738467e43c5c5c37868dbbb82558bc99d",
      "size_bytes": 173,
      "modified": "2025-12-17T01:38:37.992502",
      "risk_score": 46,
      "protection_reason": "Contains 1 protection keywords for testing",
      "business_impact": "Quality assurance",
      "security_impact": "Security testing integrity",
      "dependencies": [
        "core_system"
      ],
      "estimated_protection_value": 460,
      "investigation_timestamp": "2025-12-17T04:12:59.399001"
    },
    "test_app_comprehensive.py": {
      "full_path": "scripts/testing/test_app_comprehensive.py",
      "category": "testing",
      "checksum": "ef984285a373cb21d2fbb729cb3a13c2b5fd8f077a0c3a7ace18ab01e23e27ba",
      "size_bytes": 15826,
      "modified": "2025-12-17T03:16:53.725812",
      "risk_score": 46,
      "protection_reason": "Contains 1 protection keywords for testing",
      "business_impact": "Quality assurance",
      "security_impact": "Security testing integrity",
      "dependencies": [
        "core_system"
      ],
      "estimated_protection_value": 460,
      "investigation_timestamp": "2025-12-17T04:12:59.400982"
    },
    "test_app_simple.py": {
      "full_path": "scripts/testing/test_app_simple.py",
      "category": "testing",
      "checksum": "611733668365640d63f86dba4d1e1b72ecc514a46a9837b71fda5d0b25dfe7e5",
      "size_bytes": 11427,
      "modified": "2025-12-17T01:38:37.993035",
      "risk_score": 46,
      "protection_reason": "Contains 1 protection keywords for testing",
      "business_impact": "Quality assurance",
      "security_impact": "Security testing integrity",
      "dependencies": [
        "core_system"
      ],
      "estimated_protection_value": 460,
      "investigation_timestamp": "2025-12-17T04:12:59.401413"
    },
    "test_results.json": {
      "full_path": "scripts/testing/test_results.json",
      "category": "testing",
      "checksum": "c48e9c98cf2141444dea95fc800c7f639bf427316ff458b0a99da1fa3e44699f",
      "size_bytes": 1295,
      "modified": "2025-12-17T03:50:14.024031",
      "risk_score": 46,
      "protection_reason": "Contains 1 protection keywords for testing",
      "business_impact": "Quality assurance",
      "security_impact": "Security testing integrity",
      "dependencies": [
        "core_system"
      ],
      "estimated_protection_value": 460,
      "investigation_timestamp": "2025-12-17T04:12:59.401752"
    }
  }
}