{
  "system.perfection_level": {
    "component": "system.perfection_level",
    "config_hash": "4a7a548a25543b60b37dbfb0cca0e540d1f51bcb310e00b66f886f264284e6b7",
    "dependencies": [],
    "environment_constraints": {
      "min_perfection_level": "infinite",
      "quantum_enhanced": true,
      "zero_defects": true
    },
    "timestamp": "2025-12-17T12:59:21.104087"
  },
  "system.zero_defects": {
    "component": "system.zero_defects",
    "config_hash": "b5bea41b6c623f7c09f1bf24dcae58ebab3c0cdd90ad966bc43a45b44867e12b",
    "dependencies": [],
    "environment_constraints": {
      "min_perfection_level": "infinite",
      "quantum_enhanced": true,
      "zero_defects": true
    },
    "timestamp": "2025-12-17T12:59:21.107965"
  },
  "system.quantum_enhanced": {
    "component": "system.quantum_enhanced",
    "config_hash": "b5bea41b6c623f7c09f1bf24dcae58ebab3c0cdd90ad966bc43a45b44867e12b",
    "dependencies": [],
    "environment_constraints": {
      "min_perfection_level": "infinite",
      "quantum_enhanced": true,
      "zero_defects": true
    },
    "timestamp": "2025-12-17T12:59:21.115056"
  },
  "system.self_optimizing": {
    "component": "system.self_optimizing",
    "config_hash": "b5bea41b6c623f7c09f1bf24dcae58ebab3c0cdd90ad966bc43a45b44867e12b",
    "dependencies": [],
    "environment_constraints": {
      "min_perfection_level": "infinite",
      "quantum_enhanced": true,
      "zero_defects": true
    },
    "timestamp": "2025-12-17T12:59:21.117625"
  },
  "risk.tolerance": {
    "component": "risk.tolerance",
    "config_hash": "8aed642bf5118b9d3c859bd4be35ecac75b6e873cce34e7b6f554b06f75550d7",
    "dependencies": [],
    "environment_constraints": {
      "min_perfection_level": "infinite",
      "quantum_enhanced": true,
      "zero_defects": true
    },
    "timestamp": "2025-12-17T12:59:21.119984"
  },
  "risk.prediction_accuracy": {
    "component": "risk.prediction_accuracy",
    "config_hash": "d0ff5974b6aa52cf562bea5921840c032a860a91a3512f7fe8f768f6bbe005f6",
    "dependencies": [],
    "environment_constraints": {
      "min_perfection_level": "infinite",
      "quantum_enhanced": true,
      "zero_defects": true
    },
    "timestamp": "2025-12-17T12:59:21.122424"
  },
  "risk.mitigation_speed": {
    "component": "risk.mitigation_speed",
    "config_hash": "cb070af27365583d374e26fb4fb68e7785bc3d867f523c81e0a8fb3153a650a8",
    "dependencies": [],
    "environment_constraints": {
      "min_perfection_level": "infinite",
      "quantum_enhanced": true,
      "zero_defects": true
    },
    "timestamp": "2025-12-17T12:59:21.125116"
  },
  "innovation.velocity": {
    "component": "innovation.velocity",
    "config_hash": "4a7a548a25543b60b37dbfb0cca0e540d1f51bcb310e00b66f886f264284e6b7",
    "dependencies": [],
    "environment_constraints": {
      "min_perfection_level": "infinite",
      "quantum_enhanced": true,
      "zero_defects": true
    },
    "timestamp": "2025-12-17T12:59:21.130896"
  },
  "innovation.experimentation_capacity": {
    "component": "innovation.experimentation_capacity",
    "config_hash": "4a7a548a25543b60b37dbfb0cca0e540d1f51bcb310e00b66f886f264284e6b7",
    "dependencies": [],
    "environment_constraints": {
      "min_perfection_level": "infinite",
      "quantum_enhanced": true,
      "zero_defects": true
    },
    "timestamp": "2025-12-17T12:59:21.134505"
  },
  "innovation.success_rate": {
    "component": "innovation.success_rate",
    "config_hash": "d0ff5974b6aa52cf562bea5921840c032a860a91a3512f7fe8f768f6bbe005f6",
    "dependencies": [],
    "environment_constraints": {
      "min_perfection_level": "infinite",
      "quantum_enhanced": true,
      "zero_defects": true
    },
    "timestamp": "2025-12-17T12:59:21.137552"
  },
  "performance.response_time": {
    "component": "performance.response_time",
    "config_hash": "8aed642bf5118b9d3c859bd4be35ecac75b6e873cce34e7b6f554b06f75550d7",
    "dependencies": [],
    "environment_constraints": {
      "min_perfection_level": "infinite",
      "quantum_enhanced": true,
      "zero_defects": true
    },
    "timestamp": "2025-12-17T12:59:21.140125"
  },
  "performance.throughput": {
    "component": "performance.throughput",
    "config_hash": "4a7a548a25543b60b37dbfb0cca0e540d1f51bcb310e00b66f886f264284e6b7",
    "dependencies": [],
    "environment_constraints": {
      "min_perfection_level": "infinite",
      "quantum_enhanced": true,
      "zero_defects": true
    },
    "timestamp": "2025-12-17T12:59:21.144172"
  },
  "performance.efficiency": {
    "component": "performance.efficiency",
    "config_hash": "d0ff5974b6aa52cf562bea5921840c032a860a91a3512f7fe8f768f6bbe005f6",
    "dependencies": [],
    "environment_constraints": {
      "min_perfection_level": "infinite",
      "quantum_enhanced": true,
      "zero_defects": true
    },
    "timestamp": "2025-12-17T12:59:21.149734"
  },
  "security.vulnerabilities": {
    "component": "security.vulnerabilities",
    "config_hash": "5feceb66ffc86f38d952786c6d696c79c2dbc239dd4e91b46729d73a27fb57e9",
    "dependencies": [],
    "environment_constraints": {
      "min_perfection_level": "infinite",
      "quantum_enhanced": true,
      "zero_defects": true
    },
    "timestamp": "2025-12-17T12:59:21.285034"
  },
  "security.encryption_level": {
    "component": "security.encryption_level",
    "config_hash": "a9240202163e477c57659ed568eddb9908e8016b3f05054955b11188f0d2344d",
    "dependencies": [],
    "environment_constraints": {
      "min_perfection_level": "infinite",
      "quantum_enhanced": true,
      "zero_defects": true
    },
    "timestamp": "2025-12-17T12:59:21.290252"
  },
  "security.threat_detection": {
    "component": "security.threat_detection",
    "config_hash": "556d8d0298ef68ad5024aaca92520576fcfc691b750e8701f1db1e6b650829b7",
    "dependencies": [],
    "environment_constraints": {
      "min_perfection_level": "infinite",
      "quantum_enhanced": true,
      "zero_defects": true
    },
    "timestamp": "2025-12-17T12:59:21.298893"
  },
  "sustainability.impact": {
    "component": "sustainability.impact",
    "config_hash": "8aed642bf5118b9d3c859bd4be35ecac75b6e873cce34e7b6f554b06f75550d7",
    "dependencies": [],
    "environment_constraints": {
      "min_perfection_level": "infinite",
      "quantum_enhanced": true,
      "zero_defects": true
    },
    "timestamp": "2025-12-17T12:59:21.302504"
  },
  "scalability.limit": {
    "component": "scalability.limit",
    "config_hash": "4a7a548a25543b60b37dbfb0cca0e540d1f51bcb310e00b66f886f264284e6b7",
    "dependencies": [],
    "environment_constraints": {
      "min_perfection_level": "infinite",
      "quantum_enhanced": true,
      "zero_defects": true
    },
    "timestamp": "2025-12-17T12:59:21.308329"
  },
  "reliability.uptime": {
    "component": "reliability.uptime",
    "config_hash": "d0ff5974b6aa52cf562bea5921840c032a860a91a3512f7fe8f768f6bbe005f6",
    "dependencies": [],
    "environment_constraints": {
      "min_perfection_level": "infinite",
      "quantum_enhanced": true,
      "zero_defects": true
    },
    "timestamp": "2025-12-17T12:59:21.311853"
  },
  "compliance.adherence": {
    "component": "compliance.adherence",
    "config_hash": "d0ff5974b6aa52cf562bea5921840c032a860a91a3512f7fe8f768f6bbe005f6",
    "dependencies": [],
    "environment_constraints": {
      "min_perfection_level": "infinite",
      "quantum_enhanced": true,
      "zero_defects": true
    },
    "timestamp": "2025-12-17T12:59:21.323372"
  },
  "monitoring.coverage": {
    "component": "monitoring.coverage",
    "config_hash": "d0ff5974b6aa52cf562bea5921840c032a860a91a3512f7fe8f768f6bbe005f6",
    "dependencies": [],
    "environment_constraints": {
      "min_perfection_level": "infinite",
      "quantum_enhanced": true,
      "zero_defects": true
    },
    "timestamp": "2025-12-17T12:59:21.332585"
  },
  "automation.level": {
    "component": "automation.level",
    "config_hash": "d0ff5974b6aa52cf562bea5921840c032a860a91a3512f7fe8f768f6bbe005f6",
    "dependencies": [],
    "environment_constraints": {
      "min_perfection_level": "infinite",
      "quantum_enhanced": true,
      "zero_defects": true
    },
    "timestamp": "2025-12-17T12:59:21.337175"
  },
  "architecture.perfection": {
    "component": "architecture.perfection",
    "config_hash": "d0ff5974b6aa52cf562bea5921840c032a860a91a3512f7fe8f768f6bbe005f6",
    "dependencies": [],
    "environment_constraints": {
      "min_perfection_level": "infinite",
      "quantum_enhanced": true,
      "zero_defects": true
    },
    "timestamp": "2025-12-17T12:59:21.341023"
  },
  "code_quality.defects": {
    "component": "code_quality.defects",
    "config_hash": "5feceb66ffc86f38d952786c6d696c79c2dbc239dd4e91b46729d73a27fb57e9",
    "dependencies": [],
    "environment_constraints": {
      "min_perfection_level": "infinite",
      "quantum_enhanced": true,
      "zero_defects": true
    },
    "timestamp": "2025-12-17T12:59:21.345141"
  },
  "business_alignment.perfection": {
    "component": "business_alignment.perfection",
    "config_hash": "d0ff5974b6aa52cf562bea5921840c032a860a91a3512f7fe8f768f6bbe005f6",
    "dependencies": [],
    "environment_constraints": {
      "min_perfection_level": "infinite",
      "quantum_enhanced": true,
      "zero_defects": true
    },
    "timestamp": "2025-12-17T12:59:21.354974"
  },
  "operational_excellence.score": {
    "component": "operational_excellence.score",
    "config_hash": "d0ff5974b6aa52cf562bea5921840c032a860a91a3512f7fe8f768f6bbe005f6",
    "dependencies": [],
    "environment_constraints": {
      "min_perfection_level": "infinite",
      "quantum_enhanced": true,
      "zero_defects": true
    },
    "timestamp": "2025-12-17T12:59:21.358935"
  },
  "cost_optimization.efficiency": {
    "component": "cost_optimization.efficiency",
    "config_hash": "d0ff5974b6aa52cf562bea5921840c032a860a91a3512f7fe8f768f6bbe005f6",
    "dependencies": [],
    "environment_constraints": {
      "min_perfection_level": "infinite",
      "quantum_enhanced": true,
      "zero_defects": true
    },
    "timestamp": "2025-12-17T12:59:21.366462"
  },
  "competitive_positioning.dominance": {
    "component": "competitive_positioning.dominance",
    "config_hash": "d0ff5974b6aa52cf562bea5921840c032a860a91a3512f7fe8f768f6bbe005f6",
    "dependencies": [],
    "environment_constraints": {
      "min_perfection_level": "infinite",
      "quantum_enhanced": true,
      "zero_defects": true
    },
    "timestamp": "2025-12-17T12:59:21.372733"
  }
}